// !$*UTF8*$!
{
	archiveVersion = 1;
	classes = {
	};
	objectVersion = 51;
	objects = {

/* Begin PBXBuildFile section */
		327E0C6123BCE11700108DFD /* AppDelegate.m in Sources */ = {isa = PBXBuildFile; fileRef = 327E0C6023BCE11700108DFD /* AppDelegate.m */; };
		327E0C6423BCE11700108DFD /* ViewController.m in Sources */ = {isa = PBXBuildFile; fileRef = 327E0C6323BCE11700108DFD /* ViewController.m */; };
		327E0C6723BCE11700108DFD /* Main.storyboard in Resources */ = {isa = PBXBuildFile; fileRef = 327E0C6523BCE11700108DFD /* Main.storyboard */; };
		327E0C6923BCE11700108DFD /* Assets.xcassets in Resources */ = {isa = PBXBuildFile; fileRef = 327E0C6823BCE11700108DFD /* Assets.xcassets */; };
		327E0C6C23BCE11700108DFD /* LaunchScreen.storyboard in Resources */ = {isa = PBXBuildFile; fileRef = 327E0C6A23BCE11700108DFD /* LaunchScreen.storyboard */; };
		327E0C6F23BCE11700108DFD /* main.m in Sources */ = {isa = PBXBuildFile; fileRef = 327E0C6E23BCE11700108DFD /* main.m */; };
		327E0C7923BCE11700108DFD /* TemplateProjectTests.m in Sources */ = {isa = PBXBuildFile; fileRef = 327E0C7823BCE11700108DFD /* TemplateProjectTests.m */; };
		327E0C8423BCE11700108DFD /* TemplateProjectUITests.m in Sources */ = {isa = PBXBuildFile; fileRef = 327E0C8323BCE11700108DFD /* TemplateProjectUITests.m */; };
		327E0C9823BD01DD00108DFD /* XNFrameUtils.m in Sources */ = {isa = PBXBuildFile; fileRef = 327E0C9723BD01DD00108DFD /* XNFrameUtils.m */; };
		327E0C9F23BD083800108DFD /* XNBaseModel.m in Sources */ = {isa = PBXBuildFile; fileRef = 327E0C9E23BD083800108DFD /* XNBaseModel.m */; };
		327E0CA523BD0CCB00108DFD /* XNBaseViewModel.m in Sources */ = {isa = PBXBuildFile; fileRef = 327E0CA423BD0CCB00108DFD /* XNBaseViewModel.m */; };
		327E0CA823BD0CE300108DFD /* XNBaseListViewModel.m in Sources */ = {isa = PBXBuildFile; fileRef = 327E0CA723BD0CE300108DFD /* XNBaseListViewModel.m */; };
		327E0CAB23BD132500108DFD /* XNBaseView.m in Sources */ = {isa = PBXBuildFile; fileRef = 327E0CAA23BD132500108DFD /* XNBaseView.m */; };
		327E0CAE23BD134700108DFD /* XNBaseTableViewCell.m in Sources */ = {isa = PBXBuildFile; fileRef = 327E0CAD23BD134700108DFD /* XNBaseTableViewCell.m */; };
		327E0CB123BD136A00108DFD /* XNBaseViewController.m in Sources */ = {isa = PBXBuildFile; fileRef = 327E0CB023BD136A00108DFD /* XNBaseViewController.m */; };
		327E0CB423BD13B000108DFD /* XNBaseListViewController.m in Sources */ = {isa = PBXBuildFile; fileRef = 327E0CB323BD13B000108DFD /* XNBaseListViewController.m */; };
		327E0D0A23BD14F300108DFD /* NSData+SSToolkitAdditions.m in Sources */ = {isa = PBXBuildFile; fileRef = 327E0CC323BD14F200108DFD /* NSData+SSToolkitAdditions.m */; };
		327E0D0B23BD14F300108DFD /* NSFileManager+SSToolkitAdditions.m in Sources */ = {isa = PBXBuildFile; fileRef = 327E0CC423BD14F300108DFD /* NSFileManager+SSToolkitAdditions.m */; };
		327E0D0C23BD14F300108DFD /* NSDictionary+SSToolkitAdditions.m in Sources */ = {isa = PBXBuildFile; fileRef = 327E0CC523BD14F300108DFD /* NSDictionary+SSToolkitAdditions.m */; };
		327E0D0D23BD14F300108DFD /* NSNumber+SSToolkitAdditions.m in Sources */ = {isa = PBXBuildFile; fileRef = 327E0CC623BD14F300108DFD /* NSNumber+SSToolkitAdditions.m */; };
		327E0D0E23BD14F300108DFD /* NSDate+SSToolkitAdditions.m in Sources */ = {isa = PBXBuildFile; fileRef = 327E0CC923BD14F300108DFD /* NSDate+SSToolkitAdditions.m */; };
		327E0D0F23BD14F300108DFD /* NSTimer+SSToolkitAdditions.m in Sources */ = {isa = PBXBuildFile; fileRef = 327E0CCB23BD14F300108DFD /* NSTimer+SSToolkitAdditions.m */; };
		327E0D1023BD14F300108DFD /* NSMutableAttributedString+SSToolkitAdditions.m in Sources */ = {isa = PBXBuildFile; fileRef = 327E0CCC23BD14F300108DFD /* NSMutableAttributedString+SSToolkitAdditions.m */; };
		327E0D1123BD14F300108DFD /* NSArray+SSToolkitAdditions.m in Sources */ = {isa = PBXBuildFile; fileRef = 327E0CCD23BD14F300108DFD /* NSArray+SSToolkitAdditions.m */; };
		327E0D1223BD14F300108DFD /* NSObject+SSToolkitAdditions.m in Sources */ = {isa = PBXBuildFile; fileRef = 327E0CCF23BD14F300108DFD /* NSObject+SSToolkitAdditions.m */; };
		327E0D1323BD14F300108DFD /* NSString+SSToolkitAdditions.m in Sources */ = {isa = PBXBuildFile; fileRef = 327E0CD023BD14F300108DFD /* NSString+SSToolkitAdditions.m */; };
		327E0D1423BD14F300108DFD /* NSUserDefaults+SSToolkitAdditions.m in Sources */ = {isa = PBXBuildFile; fileRef = 327E0CD123BD14F300108DFD /* NSUserDefaults+SSToolkitAdditions.m */; };
		327E0D1523BD14F300108DFD /* NSDateFormatter+SSToolkitAdditions.m in Sources */ = {isa = PBXBuildFile; fileRef = 327E0CD223BD14F300108DFD /* NSDateFormatter+SSToolkitAdditions.m */; };
		327E0D1623BD14F300108DFD /* NSURL+SSToolkitAdditions.m in Sources */ = {isa = PBXBuildFile; fileRef = 327E0CD623BD14F300108DFD /* NSURL+SSToolkitAdditions.m */; };
		327E0D1723BD14F300108DFD /* SSTextAttributedItem.m in Sources */ = {isa = PBXBuildFile; fileRef = 327E0CDC23BD14F300108DFD /* SSTextAttributedItem.m */; };
		327E0D1823BD14F300108DFD /* SSBorderAttributedItem.m in Sources */ = {isa = PBXBuildFile; fileRef = 327E0CE123BD14F300108DFD /* SSBorderAttributedItem.m */; };
		327E0D1923BD14F300108DFD /* SSImageAttributedItem.m in Sources */ = {isa = PBXBuildFile; fileRef = 327E0CE323BD14F300108DFD /* SSImageAttributedItem.m */; };
		327E0D1A23BD14F300108DFD /* SSColorAttributedItem.m in Sources */ = {isa = PBXBuildFile; fileRef = 327E0CE423BD14F300108DFD /* SSColorAttributedItem.m */; };
		327E0D1B23BD14F300108DFD /* UIButton+SSToolkitAdditions.m in Sources */ = {isa = PBXBuildFile; fileRef = 327E0CE823BD14F300108DFD /* UIButton+SSToolkitAdditions.m */; };
		327E0D1C23BD14F300108DFD /* UITableViewCell+SSToolkitAdditions.m in Sources */ = {isa = PBXBuildFile; fileRef = 327E0CEA23BD14F300108DFD /* UITableViewCell+SSToolkitAdditions.m */; };
		327E0D1D23BD14F300108DFD /* UINavigationController+SSToolkitAdditions.m in Sources */ = {isa = PBXBuildFile; fileRef = 327E0CEC23BD14F300108DFD /* UINavigationController+SSToolkitAdditions.m */; };
		327E0D1E23BD14F300108DFD /* UITextField+SSToolkitAdditions.m in Sources */ = {isa = PBXBuildFile; fileRef = 327E0CED23BD14F300108DFD /* UITextField+SSToolkitAdditions.m */; };
		327E0D1F23BD14F300108DFD /* UIApplication+SSToolkitAdditions.m in Sources */ = {isa = PBXBuildFile; fileRef = 327E0CF023BD14F300108DFD /* UIApplication+SSToolkitAdditions.m */; };
		327E0D2023BD14F300108DFD /* CALayer+SSToolkitAdditions.m in Sources */ = {isa = PBXBuildFile; fileRef = 327E0CF223BD14F300108DFD /* CALayer+SSToolkitAdditions.m */; };
		327E0D2123BD14F300108DFD /* UIView+SSToolkitAdditions.m in Sources */ = {isa = PBXBuildFile; fileRef = 327E0CF323BD14F300108DFD /* UIView+SSToolkitAdditions.m */; };
		327E0D2223BD14F300108DFD /* UIControl+SSToolkitAdditions.m in Sources */ = {isa = PBXBuildFile; fileRef = 327E0CF523BD14F300108DFD /* UIControl+SSToolkitAdditions.m */; };
		327E0D2323BD14F300108DFD /* UIImage+SSToolkitAdditions.m in Sources */ = {isa = PBXBuildFile; fileRef = 327E0CF723BD14F300108DFD /* UIImage+SSToolkitAdditions.m */; };
		327E0D2423BD14F300108DFD /* UIScreen+SSToolkitAdditions.m in Sources */ = {isa = PBXBuildFile; fileRef = 327E0CF823BD14F300108DFD /* UIScreen+SSToolkitAdditions.m */; };
		327E0D2523BD14F300108DFD /* UIViewController+SSToolkitAdditions.m in Sources */ = {isa = PBXBuildFile; fileRef = 327E0CFA23BD14F300108DFD /* UIViewController+SSToolkitAdditions.m */; };
		327E0D2623BD14F300108DFD /* UIWebView+SSToolkitAdditions.m in Sources */ = {isa = PBXBuildFile; fileRef = 327E0CFC23BD14F300108DFD /* UIWebView+SSToolkitAdditions.m */; };
		327E0D2723BD14F300108DFD /* UILabel+SSToolkitAdditions.m in Sources */ = {isa = PBXBuildFile; fileRef = 327E0CFD23BD14F300108DFD /* UILabel+SSToolkitAdditions.m */; };
		327E0D2823BD14F300108DFD /* UIResponder+SSToolkitAdditions.m in Sources */ = {isa = PBXBuildFile; fileRef = 327E0CFF23BD14F300108DFD /* UIResponder+SSToolkitAdditions.m */; };
		327E0D2923BD14F300108DFD /* UIColor+SSToolkitAdditions.m in Sources */ = {isa = PBXBuildFile; fileRef = 327E0D0123BD14F300108DFD /* UIColor+SSToolkitAdditions.m */; };
		327E0D2A23BD14F300108DFD /* UIDevice+SSToolkitAdditions.m in Sources */ = {isa = PBXBuildFile; fileRef = 327E0D0223BD14F300108DFD /* UIDevice+SSToolkitAdditions.m */; };
		327E0D2B23BD14F300108DFD /* UITableView+SSToolkitAdditions.m in Sources */ = {isa = PBXBuildFile; fileRef = 327E0D0523BD14F300108DFD /* UITableView+SSToolkitAdditions.m */; };
		327E0D2C23BD14F300108DFD /* UIScrollView+SSToolkitAdditions.m in Sources */ = {isa = PBXBuildFile; fileRef = 327E0D0623BD14F300108DFD /* UIScrollView+SSToolkitAdditions.m */; };
		327E0D3023BD7F6A00108DFD /* XNDeviceModel.m in Sources */ = {isa = PBXBuildFile; fileRef = 327E0D2F23BD7F6A00108DFD /* XNDeviceModel.m */; };
		327E0D3923BD837700108DFD /* UINavigationController+XNAnchor.m in Sources */ = {isa = PBXBuildFile; fileRef = 327E0D3323BD837700108DFD /* UINavigationController+XNAnchor.m */; };
		327E0D3A23BD837700108DFD /* XNStack.m in Sources */ = {isa = PBXBuildFile; fileRef = 327E0D3523BD837700108DFD /* XNStack.m */; };
		327E0D3B23BD837700108DFD /* UIViewController+XNAnchor.m in Sources */ = {isa = PBXBuildFile; fileRef = 327E0D3623BD837700108DFD /* UIViewController+XNAnchor.m */; };
		327E0D3E23BD845A00108DFD /* XNNumberFormatUtils.m in Sources */ = {isa = PBXBuildFile; fileRef = 327E0D3D23BD845A00108DFD /* XNNumberFormatUtils.m */; };
		327E0D4123BD86C100108DFD /* XNFormulaCalcUtils.m in Sources */ = {isa = PBXBuildFile; fileRef = 327E0D4023BD86C100108DFD /* XNFormulaCalcUtils.m */; };
		327E0D7723BD8E5100108DFD /* XNWebSocketManager.m in Sources */ = {isa = PBXBuildFile; fileRef = 327E0D4523BD8E5100108DFD /* XNWebSocketManager.m */; };
		327E0D7E23BD8E5100108DFD /* YNDRequestParamsConstants.m in Sources */ = {isa = PBXBuildFile; fileRef = 327E0D5423BD8E5100108DFD /* YNDRequestParamsConstants.m */; };
		327E0D7F23BD8E5100108DFD /* YNDRequestParameter.m in Sources */ = {isa = PBXBuildFile; fileRef = 327E0D5523BD8E5100108DFD /* YNDRequestParameter.m */; };
		327E0D8023BD8E5100108DFD /* YNDResponse.m in Sources */ = {isa = PBXBuildFile; fileRef = 327E0D5A23BD8E5100108DFD /* YNDResponse.m */; };
		327E0D8123BD8E5100108DFD /* YNDRequest.m in Sources */ = {isa = PBXBuildFile; fileRef = 327E0D5B23BD8E5100108DFD /* YNDRequest.m */; };
		327E0D8223BD8E5100108DFD /* YNDSessionManagerHelper.m in Sources */ = {isa = PBXBuildFile; fileRef = 327E0D5F23BD8E5100108DFD /* YNDSessionManagerHelper.m */; };
		327E0D8323BD8E5100108DFD /* YNDApiConstants.m in Sources */ = {isa = PBXBuildFile; fileRef = 327E0D6023BD8E5100108DFD /* YNDApiConstants.m */; };
		327E0D8423BD8E5100108DFD /* XNSessionManagerFactory.m in Sources */ = {isa = PBXBuildFile; fileRef = 327E0D6223BD8E5100108DFD /* XNSessionManagerFactory.m */; };
		327E0D8523BD8E5100108DFD /* XNHttpClient.m in Sources */ = {isa = PBXBuildFile; fileRef = 327E0D6523BD8E5100108DFD /* XNHttpClient.m */; };
		327E0D8823BD8E5100108DFD /* NSError+XNNetwork.m in Sources */ = {isa = PBXBuildFile; fileRef = 327E0D6D23BD8E5100108DFD /* NSError+XNNetwork.m */; };
		327E0D8923BD8E5100108DFD /* XNBaseRequest.m in Sources */ = {isa = PBXBuildFile; fileRef = 327E0D6E23BD8E5100108DFD /* XNBaseRequest.m */; };
		327E0D8A23BD8E5100108DFD /* XNBaseResponse.m in Sources */ = {isa = PBXBuildFile; fileRef = 327E0D7123BD8E5100108DFD /* XNBaseResponse.m */; };
		327E0D8B23BD8E5100108DFD /* AFHTTPSessionManager+XNNetwork.m in Sources */ = {isa = PBXBuildFile; fileRef = 327E0D7423BD8E5100108DFD /* AFHTTPSessionManager+XNNetwork.m */; };
		327E0D8C23BD8E5100108DFD /* XNNetworkConstants.m in Sources */ = {isa = PBXBuildFile; fileRef = 327E0D7523BD8E5100108DFD /* XNNetworkConstants.m */; };
		327E0D9123BDBE4B00108DFD /* YNDResponseParamsConstants.m in Sources */ = {isa = PBXBuildFile; fileRef = 327E0D9023BDBE4B00108DFD /* YNDResponseParamsConstants.m */; };
		327E0D9423BDC11000108DFD /* XNNetworkErrorMsgConstants.m in Sources */ = {isa = PBXBuildFile; fileRef = 327E0D9323BDC11000108DFD /* XNNetworkErrorMsgConstants.m */; };
		327E0D9A23BDE6FE00108DFD /* XNBaseViewController+TipView.m in Sources */ = {isa = PBXBuildFile; fileRef = 327E0D9723BDE6FE00108DFD /* XNBaseViewController+TipView.m */; };
		327E0DBD23BDF40E00108DFD /* XNLCommonButton.m in Sources */ = {isa = PBXBuildFile; fileRef = 327E0D9C23BDF40E00108DFD /* XNLCommonButton.m */; };
		327E0DBE23BDF40E00108DFD /* XNLFixSizeHorizontalButton.m in Sources */ = {isa = PBXBuildFile; fileRef = 327E0D9E23BDF40E00108DFD /* XNLFixSizeHorizontalButton.m */; };
		327E0DBF23BDF40E00108DFD /* XNLFixSizeVerticalButton.m in Sources */ = {isa = PBXBuildFile; fileRef = 327E0DA223BDF40E00108DFD /* XNLFixSizeVerticalButton.m */; };
		327E0DC023BDF40E00108DFD /* XNLBaseFixSizeButton.m in Sources */ = {isa = PBXBuildFile; fileRef = 327E0DA323BDF40E00108DFD /* XNLBaseFixSizeButton.m */; };
		327E0DC123BDF40E00108DFD /* XNLVerifyCodeButton.m in Sources */ = {isa = PBXBuildFile; fileRef = 327E0DA723BDF40E00108DFD /* XNLVerifyCodeButton.m */; };
		327E0DC223BDF40E00108DFD /* XNLVerticalButton.m in Sources */ = {isa = PBXBuildFile; fileRef = 327E0DAB23BDF40E00108DFD /* XNLVerticalButton.m */; };
		327E0DC323BDF40E00108DFD /* XNLBaseButton.m in Sources */ = {isa = PBXBuildFile; fileRef = 327E0DAC23BDF40E00108DFD /* XNLBaseButton.m */; };
		327E0DC423BDF40E00108DFD /* XNLHorizontalButton.m in Sources */ = {isa = PBXBuildFile; fileRef = 327E0DAE23BDF40E00108DFD /* XNLHorizontalButton.m */; };
		327E0DC523BDF40E00108DFD /* Readme.txt in Resources */ = {isa = PBXBuildFile; fileRef = 327E0DAF23BDF40E00108DFD /* Readme.txt */; };
		327E0DC623BDF40E00108DFD /* XNLTextFieldSideView.m in Sources */ = {isa = PBXBuildFile; fileRef = 327E0DB423BDF40E00108DFD /* XNLTextFieldSideView.m */; };
		327E0DC723BDF40E00108DFD /* XNLInputFormatTextField.m in Sources */ = {isa = PBXBuildFile; fileRef = 327E0DB523BDF40E00108DFD /* XNLInputFormatTextField.m */; };
		327E0DC823BDF40E00108DFD /* XNLInputView.m in Sources */ = {isa = PBXBuildFile; fileRef = 327E0DB623BDF40E00108DFD /* XNLInputView.m */; };
		327E0DC923BDF40E00108DFD /* XNLCommonCellModel.m in Sources */ = {isa = PBXBuildFile; fileRef = 327E0DBA23BDF40E00108DFD /* XNLCommonCellModel.m */; };
		327E0DCA23BDF40E00108DFD /* XNLCommonCell.m in Sources */ = {isa = PBXBuildFile; fileRef = 327E0DBC23BDF40E00108DFD /* XNLCommonCell.m */; };
		3F8F63ECEDDE6EF7EB1FE6F5 /* libPods-TemplateProject.a in Frameworks */ = {isa = PBXBuildFile; fileRef = A25A05A409EF1301AA51AAD0 /* libPods-TemplateProject.a */; };
/* End PBXBuildFile section */

/* Begin PBXContainerItemProxy section */
		327E0C7523BCE11700108DFD /* PBXContainerItemProxy */ = {
			isa = PBXContainerItemProxy;
			containerPortal = 327E0C5423BCE11700108DFD /* Project object */;
			proxyType = 1;
			remoteGlobalIDString = 327E0C5B23BCE11700108DFD;
			remoteInfo = TemplateProject;
		};
		327E0C8023BCE11700108DFD /* PBXContainerItemProxy */ = {
			isa = PBXContainerItemProxy;
			containerPortal = 327E0C5423BCE11700108DFD /* Project object */;
			proxyType = 1;
			remoteGlobalIDString = 327E0C5B23BCE11700108DFD;
			remoteInfo = TemplateProject;
		};
/* End PBXContainerItemProxy section */

/* Begin PBXFileReference section */
		327E0C5C23BCE11700108DFD /* 时光机.app */ = {isa = PBXFileReference; explicitFileType = wrapper.application; includeInIndex = 0; path = "时光机.app"; sourceTree = BUILT_PRODUCTS_DIR; };
		327E0C5F23BCE11700108DFD /* AppDelegate.h */ = {isa = PBXFileReference; lastKnownFileType = sourcecode.c.h; path = AppDelegate.h; sourceTree = "<group>"; };
		327E0C6023BCE11700108DFD /* AppDelegate.m */ = {isa = PBXFileReference; lastKnownFileType = sourcecode.c.objc; path = AppDelegate.m; sourceTree = "<group>"; };
		327E0C6223BCE11700108DFD /* ViewController.h */ = {isa = PBXFileReference; lastKnownFileType = sourcecode.c.h; path = ViewController.h; sourceTree = "<group>"; };
		327E0C6323BCE11700108DFD /* ViewController.m */ = {isa = PBXFileReference; lastKnownFileType = sourcecode.c.objc; path = ViewController.m; sourceTree = "<group>"; };
		327E0C6623BCE11700108DFD /* Base */ = {isa = PBXFileReference; lastKnownFileType = file.storyboard; name = Base; path = Base.lproj/Main.storyboard; sourceTree = "<group>"; };
		327E0C6823BCE11700108DFD /* Assets.xcassets */ = {isa = PBXFileReference; lastKnownFileType = folder.assetcatalog; path = Assets.xcassets; sourceTree = "<group>"; };
		327E0C6B23BCE11700108DFD /* Base */ = {isa = PBXFileReference; lastKnownFileType = file.storyboard; name = Base; path = Base.lproj/LaunchScreen.storyboard; sourceTree = "<group>"; };
		327E0C6D23BCE11700108DFD /* Info.plist */ = {isa = PBXFileReference; lastKnownFileType = text.plist.xml; path = Info.plist; sourceTree = "<group>"; };
		327E0C6E23BCE11700108DFD /* main.m */ = {isa = PBXFileReference; lastKnownFileType = sourcecode.c.objc; path = main.m; sourceTree = "<group>"; };
		327E0C7423BCE11700108DFD /* TemplateProjectTests.xctest */ = {isa = PBXFileReference; explicitFileType = wrapper.cfbundle; includeInIndex = 0; path = TemplateProjectTests.xctest; sourceTree = BUILT_PRODUCTS_DIR; };
		327E0C7823BCE11700108DFD /* TemplateProjectTests.m */ = {isa = PBXFileReference; lastKnownFileType = sourcecode.c.objc; path = TemplateProjectTests.m; sourceTree = "<group>"; };
		327E0C7A23BCE11700108DFD /* Info.plist */ = {isa = PBXFileReference; lastKnownFileType = text.plist.xml; path = Info.plist; sourceTree = "<group>"; };
		327E0C7F23BCE11700108DFD /* TemplateProjectUITests.xctest */ = {isa = PBXFileReference; explicitFileType = wrapper.cfbundle; includeInIndex = 0; path = TemplateProjectUITests.xctest; sourceTree = BUILT_PRODUCTS_DIR; };
		327E0C8323BCE11700108DFD /* TemplateProjectUITests.m */ = {isa = PBXFileReference; lastKnownFileType = sourcecode.c.objc; path = TemplateProjectUITests.m; sourceTree = "<group>"; };
		327E0C8523BCE11700108DFD /* Info.plist */ = {isa = PBXFileReference; lastKnownFileType = text.plist.xml; path = Info.plist; sourceTree = "<group>"; };
		327E0C9223BCFC2F00108DFD /* XNGlobalMacros.h */ = {isa = PBXFileReference; lastKnownFileType = sourcecode.c.h; path = XNGlobalMacros.h; sourceTree = "<group>"; };
		327E0C9623BD01DD00108DFD /* XNFrameUtils.h */ = {isa = PBXFileReference; lastKnownFileType = sourcecode.c.h; path = XNFrameUtils.h; sourceTree = "<group>"; };
		327E0C9723BD01DD00108DFD /* XNFrameUtils.m */ = {isa = PBXFileReference; lastKnownFileType = sourcecode.c.objc; path = XNFrameUtils.m; sourceTree = "<group>"; };
		327E0C9D23BD083800108DFD /* XNBaseModel.h */ = {isa = PBXFileReference; lastKnownFileType = sourcecode.c.h; path = XNBaseModel.h; sourceTree = "<group>"; };
		327E0C9E23BD083800108DFD /* XNBaseModel.m */ = {isa = PBXFileReference; lastKnownFileType = sourcecode.c.objc; path = XNBaseModel.m; sourceTree = "<group>"; };
		327E0CA323BD0CCB00108DFD /* XNBaseViewModel.h */ = {isa = PBXFileReference; lastKnownFileType = sourcecode.c.h; path = XNBaseViewModel.h; sourceTree = "<group>"; };
		327E0CA423BD0CCB00108DFD /* XNBaseViewModel.m */ = {isa = PBXFileReference; lastKnownFileType = sourcecode.c.objc; path = XNBaseViewModel.m; sourceTree = "<group>"; };
		327E0CA623BD0CE300108DFD /* XNBaseListViewModel.h */ = {isa = PBXFileReference; lastKnownFileType = sourcecode.c.h; path = XNBaseListViewModel.h; sourceTree = "<group>"; };
		327E0CA723BD0CE300108DFD /* XNBaseListViewModel.m */ = {isa = PBXFileReference; lastKnownFileType = sourcecode.c.objc; path = XNBaseListViewModel.m; sourceTree = "<group>"; };
		327E0CA923BD132500108DFD /* XNBaseView.h */ = {isa = PBXFileReference; lastKnownFileType = sourcecode.c.h; path = XNBaseView.h; sourceTree = "<group>"; };
		327E0CAA23BD132500108DFD /* XNBaseView.m */ = {isa = PBXFileReference; lastKnownFileType = sourcecode.c.objc; path = XNBaseView.m; sourceTree = "<group>"; };
		327E0CAC23BD134700108DFD /* XNBaseTableViewCell.h */ = {isa = PBXFileReference; lastKnownFileType = sourcecode.c.h; path = XNBaseTableViewCell.h; sourceTree = "<group>"; };
		327E0CAD23BD134700108DFD /* XNBaseTableViewCell.m */ = {isa = PBXFileReference; lastKnownFileType = sourcecode.c.objc; path = XNBaseTableViewCell.m; sourceTree = "<group>"; };
		327E0CAF23BD136A00108DFD /* XNBaseViewController.h */ = {isa = PBXFileReference; lastKnownFileType = sourcecode.c.h; path = XNBaseViewController.h; sourceTree = "<group>"; };
		327E0CB023BD136A00108DFD /* XNBaseViewController.m */ = {isa = PBXFileReference; lastKnownFileType = sourcecode.c.objc; path = XNBaseViewController.m; sourceTree = "<group>"; };
		327E0CB223BD13B000108DFD /* XNBaseListViewController.h */ = {isa = PBXFileReference; lastKnownFileType = sourcecode.c.h; path = XNBaseListViewController.h; sourceTree = "<group>"; };
		327E0CB323BD13B000108DFD /* XNBaseListViewController.m */ = {isa = PBXFileReference; lastKnownFileType = sourcecode.c.objc; path = XNBaseListViewController.m; sourceTree = "<group>"; };
		327E0CBA23BD14D600108DFD /* XNLCategories.h */ = {isa = PBXFileReference; fileEncoding = 4; lastKnownFileType = sourcecode.c.h; path = XNLCategories.h; sourceTree = "<group>"; };
		327E0CC123BD14F200108DFD /* NSString+SSToolkitAdditions.h */ = {isa = PBXFileReference; fileEncoding = 4; lastKnownFileType = sourcecode.c.h; path = "NSString+SSToolkitAdditions.h"; sourceTree = "<group>"; };
		327E0CC223BD14F200108DFD /* NSObject+SSToolkitAdditions.h */ = {isa = PBXFileReference; fileEncoding = 4; lastKnownFileType = sourcecode.c.h; path = "NSObject+SSToolkitAdditions.h"; sourceTree = "<group>"; };
		327E0CC323BD14F200108DFD /* NSData+SSToolkitAdditions.m */ = {isa = PBXFileReference; fileEncoding = 4; lastKnownFileType = sourcecode.c.objc; path = "NSData+SSToolkitAdditions.m"; sourceTree = "<group>"; };
		327E0CC423BD14F300108DFD /* NSFileManager+SSToolkitAdditions.m */ = {isa = PBXFileReference; fileEncoding = 4; lastKnownFileType = sourcecode.c.objc; path = "NSFileManager+SSToolkitAdditions.m"; sourceTree = "<group>"; };
		327E0CC523BD14F300108DFD /* NSDictionary+SSToolkitAdditions.m */ = {isa = PBXFileReference; fileEncoding = 4; lastKnownFileType = sourcecode.c.objc; path = "NSDictionary+SSToolkitAdditions.m"; sourceTree = "<group>"; };
		327E0CC623BD14F300108DFD /* NSNumber+SSToolkitAdditions.m */ = {isa = PBXFileReference; fileEncoding = 4; lastKnownFileType = sourcecode.c.objc; path = "NSNumber+SSToolkitAdditions.m"; sourceTree = "<group>"; };
		327E0CC723BD14F300108DFD /* NSDateFormatter+SSToolkitAdditions.h */ = {isa = PBXFileReference; fileEncoding = 4; lastKnownFileType = sourcecode.c.h; path = "NSDateFormatter+SSToolkitAdditions.h"; sourceTree = "<group>"; };
		327E0CC823BD14F300108DFD /* NSUserDefaults+SSToolkitAdditions.h */ = {isa = PBXFileReference; fileEncoding = 4; lastKnownFileType = sourcecode.c.h; path = "NSUserDefaults+SSToolkitAdditions.h"; sourceTree = "<group>"; };
		327E0CC923BD14F300108DFD /* NSDate+SSToolkitAdditions.m */ = {isa = PBXFileReference; fileEncoding = 4; lastKnownFileType = sourcecode.c.objc; path = "NSDate+SSToolkitAdditions.m"; sourceTree = "<group>"; };
		327E0CCA23BD14F300108DFD /* NSURL+SSToolkitAdditions.h */ = {isa = PBXFileReference; fileEncoding = 4; lastKnownFileType = sourcecode.c.h; path = "NSURL+SSToolkitAdditions.h"; sourceTree = "<group>"; };
		327E0CCB23BD14F300108DFD /* NSTimer+SSToolkitAdditions.m */ = {isa = PBXFileReference; fileEncoding = 4; lastKnownFileType = sourcecode.c.objc; path = "NSTimer+SSToolkitAdditions.m"; sourceTree = "<group>"; };
		327E0CCC23BD14F300108DFD /* NSMutableAttributedString+SSToolkitAdditions.m */ = {isa = PBXFileReference; fileEncoding = 4; lastKnownFileType = sourcecode.c.objc; path = "NSMutableAttributedString+SSToolkitAdditions.m"; sourceTree = "<group>"; };
		327E0CCD23BD14F300108DFD /* NSArray+SSToolkitAdditions.m */ = {isa = PBXFileReference; fileEncoding = 4; lastKnownFileType = sourcecode.c.objc; path = "NSArray+SSToolkitAdditions.m"; sourceTree = "<group>"; };
		327E0CCE23BD14F300108DFD /* NSData+SSToolkitAdditions.h */ = {isa = PBXFileReference; fileEncoding = 4; lastKnownFileType = sourcecode.c.h; path = "NSData+SSToolkitAdditions.h"; sourceTree = "<group>"; };
		327E0CCF23BD14F300108DFD /* NSObject+SSToolkitAdditions.m */ = {isa = PBXFileReference; fileEncoding = 4; lastKnownFileType = sourcecode.c.objc; path = "NSObject+SSToolkitAdditions.m"; sourceTree = "<group>"; };
		327E0CD023BD14F300108DFD /* NSString+SSToolkitAdditions.m */ = {isa = PBXFileReference; fileEncoding = 4; lastKnownFileType = sourcecode.c.objc; path = "NSString+SSToolkitAdditions.m"; sourceTree = "<group>"; };
		327E0CD123BD14F300108DFD /* NSUserDefaults+SSToolkitAdditions.m */ = {isa = PBXFileReference; fileEncoding = 4; lastKnownFileType = sourcecode.c.objc; path = "NSUserDefaults+SSToolkitAdditions.m"; sourceTree = "<group>"; };
		327E0CD223BD14F300108DFD /* NSDateFormatter+SSToolkitAdditions.m */ = {isa = PBXFileReference; fileEncoding = 4; lastKnownFileType = sourcecode.c.objc; path = "NSDateFormatter+SSToolkitAdditions.m"; sourceTree = "<group>"; };
		327E0CD323BD14F300108DFD /* NSNumber+SSToolkitAdditions.h */ = {isa = PBXFileReference; fileEncoding = 4; lastKnownFileType = sourcecode.c.h; path = "NSNumber+SSToolkitAdditions.h"; sourceTree = "<group>"; };
		327E0CD423BD14F300108DFD /* NSDictionary+SSToolkitAdditions.h */ = {isa = PBXFileReference; fileEncoding = 4; lastKnownFileType = sourcecode.c.h; path = "NSDictionary+SSToolkitAdditions.h"; sourceTree = "<group>"; };
		327E0CD523BD14F300108DFD /* NSFileManager+SSToolkitAdditions.h */ = {isa = PBXFileReference; fileEncoding = 4; lastKnownFileType = sourcecode.c.h; path = "NSFileManager+SSToolkitAdditions.h"; sourceTree = "<group>"; };
		327E0CD623BD14F300108DFD /* NSURL+SSToolkitAdditions.m */ = {isa = PBXFileReference; fileEncoding = 4; lastKnownFileType = sourcecode.c.objc; path = "NSURL+SSToolkitAdditions.m"; sourceTree = "<group>"; };
		327E0CD723BD14F300108DFD /* NSDate+SSToolkitAdditions.h */ = {isa = PBXFileReference; fileEncoding = 4; lastKnownFileType = sourcecode.c.h; path = "NSDate+SSToolkitAdditions.h"; sourceTree = "<group>"; };
		327E0CD823BD14F300108DFD /* NSArray+SSToolkitAdditions.h */ = {isa = PBXFileReference; fileEncoding = 4; lastKnownFileType = sourcecode.c.h; path = "NSArray+SSToolkitAdditions.h"; sourceTree = "<group>"; };
		327E0CD923BD14F300108DFD /* NSMutableAttributedString+SSToolkitAdditions.h */ = {isa = PBXFileReference; fileEncoding = 4; lastKnownFileType = sourcecode.c.h; path = "NSMutableAttributedString+SSToolkitAdditions.h"; sourceTree = "<group>"; };
		327E0CDA23BD14F300108DFD /* NSTimer+SSToolkitAdditions.h */ = {isa = PBXFileReference; fileEncoding = 4; lastKnownFileType = sourcecode.c.h; path = "NSTimer+SSToolkitAdditions.h"; sourceTree = "<group>"; };
		327E0CDC23BD14F300108DFD /* SSTextAttributedItem.m */ = {isa = PBXFileReference; fileEncoding = 4; lastKnownFileType = sourcecode.c.objc; path = SSTextAttributedItem.m; sourceTree = "<group>"; };
		327E0CDD23BD14F300108DFD /* SSBorderAttributedItem.h */ = {isa = PBXFileReference; fileEncoding = 4; lastKnownFileType = sourcecode.c.h; path = SSBorderAttributedItem.h; sourceTree = "<group>"; };
		327E0CDE23BD14F300108DFD /* SSImageAttributedItem.h */ = {isa = PBXFileReference; fileEncoding = 4; lastKnownFileType = sourcecode.c.h; path = SSImageAttributedItem.h; sourceTree = "<group>"; };
		327E0CDF23BD14F300108DFD /* SSAttributedItemCollection.h */ = {isa = PBXFileReference; fileEncoding = 4; lastKnownFileType = sourcecode.c.h; path = SSAttributedItemCollection.h; sourceTree = "<group>"; };
		327E0CE023BD14F300108DFD /* SSColorAttributedItem.h */ = {isa = PBXFileReference; fileEncoding = 4; lastKnownFileType = sourcecode.c.h; path = SSColorAttributedItem.h; sourceTree = "<group>"; };
		327E0CE123BD14F300108DFD /* SSBorderAttributedItem.m */ = {isa = PBXFileReference; fileEncoding = 4; lastKnownFileType = sourcecode.c.objc; path = SSBorderAttributedItem.m; sourceTree = "<group>"; };
		327E0CE223BD14F300108DFD /* SSTextAttributedItem.h */ = {isa = PBXFileReference; fileEncoding = 4; lastKnownFileType = sourcecode.c.h; path = SSTextAttributedItem.h; sourceTree = "<group>"; };
		327E0CE323BD14F300108DFD /* SSImageAttributedItem.m */ = {isa = PBXFileReference; fileEncoding = 4; lastKnownFileType = sourcecode.c.objc; path = SSImageAttributedItem.m; sourceTree = "<group>"; };
		327E0CE423BD14F300108DFD /* SSColorAttributedItem.m */ = {isa = PBXFileReference; fileEncoding = 4; lastKnownFileType = sourcecode.c.objc; path = SSColorAttributedItem.m; sourceTree = "<group>"; };
		327E0CE623BD14F300108DFD /* UIWebView+SSToolkitAdditions.h */ = {isa = PBXFileReference; fileEncoding = 4; lastKnownFileType = sourcecode.c.h; path = "UIWebView+SSToolkitAdditions.h"; sourceTree = "<group>"; };
		327E0CE723BD14F300108DFD /* UILabel+SSToolkitAdditions.h */ = {isa = PBXFileReference; fileEncoding = 4; lastKnownFileType = sourcecode.c.h; path = "UILabel+SSToolkitAdditions.h"; sourceTree = "<group>"; };
		327E0CE823BD14F300108DFD /* UIButton+SSToolkitAdditions.m */ = {isa = PBXFileReference; fileEncoding = 4; lastKnownFileType = sourcecode.c.objc; path = "UIButton+SSToolkitAdditions.m"; sourceTree = "<group>"; };
		327E0CE923BD14F300108DFD /* UIViewController+SSToolkitAdditions.h */ = {isa = PBXFileReference; fileEncoding = 4; lastKnownFileType = sourcecode.c.h; path = "UIViewController+SSToolkitAdditions.h"; sourceTree = "<group>"; };
		327E0CEA23BD14F300108DFD /* UITableViewCell+SSToolkitAdditions.m */ = {isa = PBXFileReference; fileEncoding = 4; lastKnownFileType = sourcecode.c.objc; path = "UITableViewCell+SSToolkitAdditions.m"; sourceTree = "<group>"; };
		327E0CEB23BD14F300108DFD /* UIScreen+SSToolkitAdditions.h */ = {isa = PBXFileReference; fileEncoding = 4; lastKnownFileType = sourcecode.c.h; path = "UIScreen+SSToolkitAdditions.h"; sourceTree = "<group>"; };
		327E0CEC23BD14F300108DFD /* UINavigationController+SSToolkitAdditions.m */ = {isa = PBXFileReference; fileEncoding = 4; lastKnownFileType = sourcecode.c.objc; path = "UINavigationController+SSToolkitAdditions.m"; sourceTree = "<group>"; };
		327E0CED23BD14F300108DFD /* UITextField+SSToolkitAdditions.m */ = {isa = PBXFileReference; fileEncoding = 4; lastKnownFileType = sourcecode.c.objc; path = "UITextField+SSToolkitAdditions.m"; sourceTree = "<group>"; };
		327E0CEE23BD14F300108DFD /* UIDevice+SSToolkitAdditions.h */ = {isa = PBXFileReference; fileEncoding = 4; lastKnownFileType = sourcecode.c.h; path = "UIDevice+SSToolkitAdditions.h"; sourceTree = "<group>"; };
		327E0CEF23BD14F300108DFD /* UIColor+SSToolkitAdditions.h */ = {isa = PBXFileReference; fileEncoding = 4; lastKnownFileType = sourcecode.c.h; path = "UIColor+SSToolkitAdditions.h"; sourceTree = "<group>"; };
		327E0CF023BD14F300108DFD /* UIApplication+SSToolkitAdditions.m */ = {isa = PBXFileReference; fileEncoding = 4; lastKnownFileType = sourcecode.c.objc; path = "UIApplication+SSToolkitAdditions.m"; sourceTree = "<group>"; };
		327E0CF123BD14F300108DFD /* UIResponder+SSToolkitAdditions.h */ = {isa = PBXFileReference; fileEncoding = 4; lastKnownFileType = sourcecode.c.h; path = "UIResponder+SSToolkitAdditions.h"; sourceTree = "<group>"; };
		327E0CF223BD14F300108DFD /* CALayer+SSToolkitAdditions.m */ = {isa = PBXFileReference; fileEncoding = 4; lastKnownFileType = sourcecode.c.objc; path = "CALayer+SSToolkitAdditions.m"; sourceTree = "<group>"; };
		327E0CF323BD14F300108DFD /* UIView+SSToolkitAdditions.m */ = {isa = PBXFileReference; fileEncoding = 4; lastKnownFileType = sourcecode.c.objc; path = "UIView+SSToolkitAdditions.m"; sourceTree = "<group>"; };
		327E0CF423BD14F300108DFD /* UIScrollView+SSToolkitAdditions.h */ = {isa = PBXFileReference; fileEncoding = 4; lastKnownFileType = sourcecode.c.h; path = "UIScrollView+SSToolkitAdditions.h"; sourceTree = "<group>"; };
		327E0CF523BD14F300108DFD /* UIControl+SSToolkitAdditions.m */ = {isa = PBXFileReference; fileEncoding = 4; lastKnownFileType = sourcecode.c.objc; path = "UIControl+SSToolkitAdditions.m"; sourceTree = "<group>"; };
		327E0CF623BD14F300108DFD /* UITableView+SSToolkitAdditions.h */ = {isa = PBXFileReference; fileEncoding = 4; lastKnownFileType = sourcecode.c.h; path = "UITableView+SSToolkitAdditions.h"; sourceTree = "<group>"; };
		327E0CF723BD14F300108DFD /* UIImage+SSToolkitAdditions.m */ = {isa = PBXFileReference; fileEncoding = 4; lastKnownFileType = sourcecode.c.objc; path = "UIImage+SSToolkitAdditions.m"; sourceTree = "<group>"; };
		327E0CF823BD14F300108DFD /* UIScreen+SSToolkitAdditions.m */ = {isa = PBXFileReference; fileEncoding = 4; lastKnownFileType = sourcecode.c.objc; path = "UIScreen+SSToolkitAdditions.m"; sourceTree = "<group>"; };
		327E0CF923BD14F300108DFD /* UITableViewCell+SSToolkitAdditions.h */ = {isa = PBXFileReference; fileEncoding = 4; lastKnownFileType = sourcecode.c.h; path = "UITableViewCell+SSToolkitAdditions.h"; sourceTree = "<group>"; };
		327E0CFA23BD14F300108DFD /* UIViewController+SSToolkitAdditions.m */ = {isa = PBXFileReference; fileEncoding = 4; lastKnownFileType = sourcecode.c.objc; path = "UIViewController+SSToolkitAdditions.m"; sourceTree = "<group>"; };
		327E0CFB23BD14F300108DFD /* UIButton+SSToolkitAdditions.h */ = {isa = PBXFileReference; fileEncoding = 4; lastKnownFileType = sourcecode.c.h; path = "UIButton+SSToolkitAdditions.h"; sourceTree = "<group>"; };
		327E0CFC23BD14F300108DFD /* UIWebView+SSToolkitAdditions.m */ = {isa = PBXFileReference; fileEncoding = 4; lastKnownFileType = sourcecode.c.objc; path = "UIWebView+SSToolkitAdditions.m"; sourceTree = "<group>"; };
		327E0CFD23BD14F300108DFD /* UILabel+SSToolkitAdditions.m */ = {isa = PBXFileReference; fileEncoding = 4; lastKnownFileType = sourcecode.c.objc; path = "UILabel+SSToolkitAdditions.m"; sourceTree = "<group>"; };
		327E0CFE23BD14F300108DFD /* CALayer+SSToolkitAdditions.h */ = {isa = PBXFileReference; fileEncoding = 4; lastKnownFileType = sourcecode.c.h; path = "CALayer+SSToolkitAdditions.h"; sourceTree = "<group>"; };
		327E0CFF23BD14F300108DFD /* UIResponder+SSToolkitAdditions.m */ = {isa = PBXFileReference; fileEncoding = 4; lastKnownFileType = sourcecode.c.objc; path = "UIResponder+SSToolkitAdditions.m"; sourceTree = "<group>"; };
		327E0D0023BD14F300108DFD /* UIApplication+SSToolkitAdditions.h */ = {isa = PBXFileReference; fileEncoding = 4; lastKnownFileType = sourcecode.c.h; path = "UIApplication+SSToolkitAdditions.h"; sourceTree = "<group>"; };
		327E0D0123BD14F300108DFD /* UIColor+SSToolkitAdditions.m */ = {isa = PBXFileReference; fileEncoding = 4; lastKnownFileType = sourcecode.c.objc; path = "UIColor+SSToolkitAdditions.m"; sourceTree = "<group>"; };
		327E0D0223BD14F300108DFD /* UIDevice+SSToolkitAdditions.m */ = {isa = PBXFileReference; fileEncoding = 4; lastKnownFileType = sourcecode.c.objc; path = "UIDevice+SSToolkitAdditions.m"; sourceTree = "<group>"; };
		327E0D0323BD14F300108DFD /* UITextField+SSToolkitAdditions.h */ = {isa = PBXFileReference; fileEncoding = 4; lastKnownFileType = sourcecode.c.h; path = "UITextField+SSToolkitAdditions.h"; sourceTree = "<group>"; };
		327E0D0423BD14F300108DFD /* UINavigationController+SSToolkitAdditions.h */ = {isa = PBXFileReference; fileEncoding = 4; lastKnownFileType = sourcecode.c.h; path = "UINavigationController+SSToolkitAdditions.h"; sourceTree = "<group>"; };
		327E0D0523BD14F300108DFD /* UITableView+SSToolkitAdditions.m */ = {isa = PBXFileReference; fileEncoding = 4; lastKnownFileType = sourcecode.c.objc; path = "UITableView+SSToolkitAdditions.m"; sourceTree = "<group>"; };
		327E0D0623BD14F300108DFD /* UIScrollView+SSToolkitAdditions.m */ = {isa = PBXFileReference; fileEncoding = 4; lastKnownFileType = sourcecode.c.objc; path = "UIScrollView+SSToolkitAdditions.m"; sourceTree = "<group>"; };
		327E0D0723BD14F300108DFD /* UIControl+SSToolkitAdditions.h */ = {isa = PBXFileReference; fileEncoding = 4; lastKnownFileType = sourcecode.c.h; path = "UIControl+SSToolkitAdditions.h"; sourceTree = "<group>"; };
		327E0D0823BD14F300108DFD /* UIView+SSToolkitAdditions.h */ = {isa = PBXFileReference; fileEncoding = 4; lastKnownFileType = sourcecode.c.h; path = "UIView+SSToolkitAdditions.h"; sourceTree = "<group>"; };
		327E0D0923BD14F300108DFD /* UIImage+SSToolkitAdditions.h */ = {isa = PBXFileReference; fileEncoding = 4; lastKnownFileType = sourcecode.c.h; path = "UIImage+SSToolkitAdditions.h"; sourceTree = "<group>"; };
		327E0D2E23BD7F6A00108DFD /* XNDeviceModel.h */ = {isa = PBXFileReference; lastKnownFileType = sourcecode.c.h; path = XNDeviceModel.h; sourceTree = "<group>"; };
		327E0D2F23BD7F6A00108DFD /* XNDeviceModel.m */ = {isa = PBXFileReference; lastKnownFileType = sourcecode.c.objc; path = XNDeviceModel.m; sourceTree = "<group>"; };
		327E0D3323BD837700108DFD /* UINavigationController+XNAnchor.m */ = {isa = PBXFileReference; fileEncoding = 4; lastKnownFileType = sourcecode.c.objc; path = "UINavigationController+XNAnchor.m"; sourceTree = "<group>"; };
		327E0D3423BD837700108DFD /* UIViewController+XNAnchor.h */ = {isa = PBXFileReference; fileEncoding = 4; lastKnownFileType = sourcecode.c.h; path = "UIViewController+XNAnchor.h"; sourceTree = "<group>"; };
		327E0D3523BD837700108DFD /* XNStack.m */ = {isa = PBXFileReference; fileEncoding = 4; lastKnownFileType = sourcecode.c.objc; path = XNStack.m; sourceTree = "<group>"; };
		327E0D3623BD837700108DFD /* UIViewController+XNAnchor.m */ = {isa = PBXFileReference; fileEncoding = 4; lastKnownFileType = sourcecode.c.objc; path = "UIViewController+XNAnchor.m"; sourceTree = "<group>"; };
		327E0D3723BD837700108DFD /* UINavigationController+XNAnchor.h */ = {isa = PBXFileReference; fileEncoding = 4; lastKnownFileType = sourcecode.c.h; path = "UINavigationController+XNAnchor.h"; sourceTree = "<group>"; };
		327E0D3823BD837700108DFD /* XNStack.h */ = {isa = PBXFileReference; fileEncoding = 4; lastKnownFileType = sourcecode.c.h; path = XNStack.h; sourceTree = "<group>"; };
		327E0D3C23BD845A00108DFD /* XNNumberFormatUtils.h */ = {isa = PBXFileReference; fileEncoding = 4; lastKnownFileType = sourcecode.c.h; path = XNNumberFormatUtils.h; sourceTree = "<group>"; };
		327E0D3D23BD845A00108DFD /* XNNumberFormatUtils.m */ = {isa = PBXFileReference; fileEncoding = 4; lastKnownFileType = sourcecode.c.objc; path = XNNumberFormatUtils.m; sourceTree = "<group>"; };
		327E0D3F23BD86C100108DFD /* XNFormulaCalcUtils.h */ = {isa = PBXFileReference; lastKnownFileType = sourcecode.c.h; path = XNFormulaCalcUtils.h; sourceTree = "<group>"; };
		327E0D4023BD86C100108DFD /* XNFormulaCalcUtils.m */ = {isa = PBXFileReference; lastKnownFileType = sourcecode.c.objc; path = XNFormulaCalcUtils.m; sourceTree = "<group>"; };
		327E0D4523BD8E5100108DFD /* XNWebSocketManager.m */ = {isa = PBXFileReference; fileEncoding = 4; lastKnownFileType = sourcecode.c.objc; path = XNWebSocketManager.m; sourceTree = "<group>"; };
		327E0D4C23BD8E5100108DFD /* XNWebSocketManager.h */ = {isa = PBXFileReference; fileEncoding = 4; lastKnownFileType = sourcecode.c.h; path = XNWebSocketManager.h; sourceTree = "<group>"; };
		327E0D5423BD8E5100108DFD /* YNDRequestParamsConstants.m */ = {isa = PBXFileReference; fileEncoding = 4; lastKnownFileType = sourcecode.c.objc; path = YNDRequestParamsConstants.m; sourceTree = "<group>"; };
		327E0D5523BD8E5100108DFD /* YNDRequestParameter.m */ = {isa = PBXFileReference; fileEncoding = 4; lastKnownFileType = sourcecode.c.objc; path = YNDRequestParameter.m; sourceTree = "<group>"; };
		327E0D5623BD8E5100108DFD /* YNDApiConstants.h */ = {isa = PBXFileReference; fileEncoding = 4; lastKnownFileType = sourcecode.c.h; path = YNDApiConstants.h; sourceTree = "<group>"; };
		327E0D5723BD8E5100108DFD /* YNDSessionManagerHelper.h */ = {isa = PBXFileReference; fileEncoding = 4; lastKnownFileType = sourcecode.c.h; path = YNDSessionManagerHelper.h; sourceTree = "<group>"; };
		327E0D5923BD8E5100108DFD /* YNDRequest.h */ = {isa = PBXFileReference; fileEncoding = 4; lastKnownFileType = sourcecode.c.h; path = YNDRequest.h; sourceTree = "<group>"; };
		327E0D5A23BD8E5100108DFD /* YNDResponse.m */ = {isa = PBXFileReference; fileEncoding = 4; lastKnownFileType = sourcecode.c.objc; path = YNDResponse.m; sourceTree = "<group>"; };
		327E0D5B23BD8E5100108DFD /* YNDRequest.m */ = {isa = PBXFileReference; fileEncoding = 4; lastKnownFileType = sourcecode.c.objc; path = YNDRequest.m; sourceTree = "<group>"; };
		327E0D5C23BD8E5100108DFD /* YNDResponse.h */ = {isa = PBXFileReference; fileEncoding = 4; lastKnownFileType = sourcecode.c.h; path = YNDResponse.h; sourceTree = "<group>"; };
		327E0D5D23BD8E5100108DFD /* YNDRequestParamsConstants.h */ = {isa = PBXFileReference; fileEncoding = 4; lastKnownFileType = sourcecode.c.h; path = YNDRequestParamsConstants.h; sourceTree = "<group>"; };
		327E0D5E23BD8E5100108DFD /* YNDRequestParameter.h */ = {isa = PBXFileReference; fileEncoding = 4; lastKnownFileType = sourcecode.c.h; path = YNDRequestParameter.h; sourceTree = "<group>"; };
		327E0D5F23BD8E5100108DFD /* YNDSessionManagerHelper.m */ = {isa = PBXFileReference; fileEncoding = 4; lastKnownFileType = sourcecode.c.objc; path = YNDSessionManagerHelper.m; sourceTree = "<group>"; };
		327E0D6023BD8E5100108DFD /* YNDApiConstants.m */ = {isa = PBXFileReference; fileEncoding = 4; lastKnownFileType = sourcecode.c.objc; path = YNDApiConstants.m; sourceTree = "<group>"; };
		327E0D6223BD8E5100108DFD /* XNSessionManagerFactory.m */ = {isa = PBXFileReference; fileEncoding = 4; lastKnownFileType = sourcecode.c.objc; path = XNSessionManagerFactory.m; sourceTree = "<group>"; };
		327E0D6323BD8E5100108DFD /* XNNetworkConstants.h */ = {isa = PBXFileReference; fileEncoding = 4; lastKnownFileType = sourcecode.c.h; path = XNNetworkConstants.h; sourceTree = "<group>"; };
		327E0D6423BD8E5100108DFD /* AFHTTPSessionManager+XNNetwork.h */ = {isa = PBXFileReference; fileEncoding = 4; lastKnownFileType = sourcecode.c.h; path = "AFHTTPSessionManager+XNNetwork.h"; sourceTree = "<group>"; };
		327E0D6523BD8E5100108DFD /* XNHttpClient.m */ = {isa = PBXFileReference; fileEncoding = 4; lastKnownFileType = sourcecode.c.objc; path = XNHttpClient.m; sourceTree = "<group>"; };
		327E0D6623BD8E5100108DFD /* XNSessionManagerFactory.h */ = {isa = PBXFileReference; fileEncoding = 4; lastKnownFileType = sourcecode.c.h; path = XNSessionManagerFactory.h; sourceTree = "<group>"; };
		327E0D6D23BD8E5100108DFD /* NSError+XNNetwork.m */ = {isa = PBXFileReference; fileEncoding = 4; lastKnownFileType = sourcecode.c.objc; path = "NSError+XNNetwork.m"; sourceTree = "<group>"; };
		327E0D6E23BD8E5100108DFD /* XNBaseRequest.m */ = {isa = PBXFileReference; fileEncoding = 4; lastKnownFileType = sourcecode.c.objc; path = XNBaseRequest.m; sourceTree = "<group>"; };
		327E0D6F23BD8E5100108DFD /* XNBaseResponse.h */ = {isa = PBXFileReference; fileEncoding = 4; lastKnownFileType = sourcecode.c.h; path = XNBaseResponse.h; sourceTree = "<group>"; };
		327E0D7023BD8E5100108DFD /* NSError+XNNetwork.h */ = {isa = PBXFileReference; fileEncoding = 4; lastKnownFileType = sourcecode.c.h; path = "NSError+XNNetwork.h"; sourceTree = "<group>"; };
		327E0D7123BD8E5100108DFD /* XNBaseResponse.m */ = {isa = PBXFileReference; fileEncoding = 4; lastKnownFileType = sourcecode.c.objc; path = XNBaseResponse.m; sourceTree = "<group>"; };
		327E0D7223BD8E5100108DFD /* XNBaseRequest.h */ = {isa = PBXFileReference; fileEncoding = 4; lastKnownFileType = sourcecode.c.h; path = XNBaseRequest.h; sourceTree = "<group>"; };
		327E0D7323BD8E5100108DFD /* XNHttpClient.h */ = {isa = PBXFileReference; fileEncoding = 4; lastKnownFileType = sourcecode.c.h; path = XNHttpClient.h; sourceTree = "<group>"; };
		327E0D7423BD8E5100108DFD /* AFHTTPSessionManager+XNNetwork.m */ = {isa = PBXFileReference; fileEncoding = 4; lastKnownFileType = sourcecode.c.objc; path = "AFHTTPSessionManager+XNNetwork.m"; sourceTree = "<group>"; };
		327E0D7523BD8E5100108DFD /* XNNetworkConstants.m */ = {isa = PBXFileReference; fileEncoding = 4; lastKnownFileType = sourcecode.c.objc; path = XNNetworkConstants.m; sourceTree = "<group>"; };
		327E0D8F23BDBE4B00108DFD /* YNDResponseParamsConstants.h */ = {isa = PBXFileReference; lastKnownFileType = sourcecode.c.h; path = YNDResponseParamsConstants.h; sourceTree = "<group>"; };
		327E0D9023BDBE4B00108DFD /* YNDResponseParamsConstants.m */ = {isa = PBXFileReference; lastKnownFileType = sourcecode.c.objc; path = YNDResponseParamsConstants.m; sourceTree = "<group>"; };
		327E0D9223BDC11000108DFD /* XNNetworkErrorMsgConstants.h */ = {isa = PBXFileReference; lastKnownFileType = sourcecode.c.h; path = XNNetworkErrorMsgConstants.h; sourceTree = "<group>"; };
		327E0D9323BDC11000108DFD /* XNNetworkErrorMsgConstants.m */ = {isa = PBXFileReference; lastKnownFileType = sourcecode.c.objc; path = XNNetworkErrorMsgConstants.m; sourceTree = "<group>"; };
		327E0D9523BDE6FE00108DFD /* XNBaseViewController+TipView.h */ = {isa = PBXFileReference; fileEncoding = 4; lastKnownFileType = sourcecode.c.h; path = "XNBaseViewController+TipView.h"; sourceTree = "<group>"; };
		327E0D9723BDE6FE00108DFD /* XNBaseViewController+TipView.m */ = {isa = PBXFileReference; fileEncoding = 4; lastKnownFileType = sourcecode.c.objc; path = "XNBaseViewController+TipView.m"; sourceTree = "<group>"; };
		327E0D9C23BDF40E00108DFD /* XNLCommonButton.m */ = {isa = PBXFileReference; fileEncoding = 4; lastKnownFileType = sourcecode.c.objc; path = XNLCommonButton.m; sourceTree = "<group>"; };
		327E0D9E23BDF40E00108DFD /* XNLFixSizeHorizontalButton.m */ = {isa = PBXFileReference; fileEncoding = 4; lastKnownFileType = sourcecode.c.objc; path = XNLFixSizeHorizontalButton.m; sourceTree = "<group>"; };
		327E0D9F23BDF40E00108DFD /* XNLFixSizeVerticalButton.h */ = {isa = PBXFileReference; fileEncoding = 4; lastKnownFileType = sourcecode.c.h; path = XNLFixSizeVerticalButton.h; sourceTree = "<group>"; };
		327E0DA023BDF40E00108DFD /* XNLBaseFixSizeButton.h */ = {isa = PBXFileReference; fileEncoding = 4; lastKnownFileType = sourcecode.c.h; path = XNLBaseFixSizeButton.h; sourceTree = "<group>"; };
		327E0DA123BDF40E00108DFD /* XNLFixSizeHorizontalButton.h */ = {isa = PBXFileReference; fileEncoding = 4; lastKnownFileType = sourcecode.c.h; path = XNLFixSizeHorizontalButton.h; sourceTree = "<group>"; };
		327E0DA223BDF40E00108DFD /* XNLFixSizeVerticalButton.m */ = {isa = PBXFileReference; fileEncoding = 4; lastKnownFileType = sourcecode.c.objc; path = XNLFixSizeVerticalButton.m; sourceTree = "<group>"; };
		327E0DA323BDF40E00108DFD /* XNLBaseFixSizeButton.m */ = {isa = PBXFileReference; fileEncoding = 4; lastKnownFileType = sourcecode.c.objc; path = XNLBaseFixSizeButton.m; sourceTree = "<group>"; };
		327E0DA423BDF40E00108DFD /* XNLCommonButton.h */ = {isa = PBXFileReference; fileEncoding = 4; lastKnownFileType = sourcecode.c.h; path = XNLCommonButton.h; sourceTree = "<group>"; };
		327E0DA623BDF40E00108DFD /* XNLVerifyCodeButton.h */ = {isa = PBXFileReference; fileEncoding = 4; lastKnownFileType = sourcecode.c.h; path = XNLVerifyCodeButton.h; sourceTree = "<group>"; };
		327E0DA723BDF40E00108DFD /* XNLVerifyCodeButton.m */ = {isa = PBXFileReference; fileEncoding = 4; lastKnownFileType = sourcecode.c.objc; path = XNLVerifyCodeButton.m; sourceTree = "<group>"; };
		327E0DA923BDF40E00108DFD /* XNLBaseButton.h */ = {isa = PBXFileReference; fileEncoding = 4; lastKnownFileType = sourcecode.c.h; path = XNLBaseButton.h; sourceTree = "<group>"; };
		327E0DAA23BDF40E00108DFD /* XNLHorizontalButton.h */ = {isa = PBXFileReference; fileEncoding = 4; lastKnownFileType = sourcecode.c.h; path = XNLHorizontalButton.h; sourceTree = "<group>"; };
		327E0DAB23BDF40E00108DFD /* XNLVerticalButton.m */ = {isa = PBXFileReference; fileEncoding = 4; lastKnownFileType = sourcecode.c.objc; path = XNLVerticalButton.m; sourceTree = "<group>"; };
		327E0DAC23BDF40E00108DFD /* XNLBaseButton.m */ = {isa = PBXFileReference; fileEncoding = 4; lastKnownFileType = sourcecode.c.objc; path = XNLBaseButton.m; sourceTree = "<group>"; };
		327E0DAD23BDF40E00108DFD /* XNLVerticalButton.h */ = {isa = PBXFileReference; fileEncoding = 4; lastKnownFileType = sourcecode.c.h; path = XNLVerticalButton.h; sourceTree = "<group>"; };
		327E0DAE23BDF40E00108DFD /* XNLHorizontalButton.m */ = {isa = PBXFileReference; fileEncoding = 4; lastKnownFileType = sourcecode.c.objc; path = XNLHorizontalButton.m; sourceTree = "<group>"; };
		327E0DAF23BDF40E00108DFD /* Readme.txt */ = {isa = PBXFileReference; fileEncoding = 4; lastKnownFileType = text; path = Readme.txt; sourceTree = "<group>"; };
		327E0DB023BDF40E00108DFD /* XNLButtonConstants.h */ = {isa = PBXFileReference; fileEncoding = 4; lastKnownFileType = sourcecode.c.h; path = XNLButtonConstants.h; sourceTree = "<group>"; };
		327E0DB223BDF40E00108DFD /* XNLInputView.h */ = {isa = PBXFileReference; fileEncoding = 4; lastKnownFileType = sourcecode.c.h; path = XNLInputView.h; sourceTree = "<group>"; };
		327E0DB323BDF40E00108DFD /* XNLInputFormatTextField.h */ = {isa = PBXFileReference; fileEncoding = 4; lastKnownFileType = sourcecode.c.h; path = XNLInputFormatTextField.h; sourceTree = "<group>"; };
		327E0DB423BDF40E00108DFD /* XNLTextFieldSideView.m */ = {isa = PBXFileReference; fileEncoding = 4; lastKnownFileType = sourcecode.c.objc; path = XNLTextFieldSideView.m; sourceTree = "<group>"; };
		327E0DB523BDF40E00108DFD /* XNLInputFormatTextField.m */ = {isa = PBXFileReference; fileEncoding = 4; lastKnownFileType = sourcecode.c.objc; path = XNLInputFormatTextField.m; sourceTree = "<group>"; };
		327E0DB623BDF40E00108DFD /* XNLInputView.m */ = {isa = PBXFileReference; fileEncoding = 4; lastKnownFileType = sourcecode.c.objc; path = XNLInputView.m; sourceTree = "<group>"; };
		327E0DB723BDF40E00108DFD /* XNLTextFieldSideView.h */ = {isa = PBXFileReference; fileEncoding = 4; lastKnownFileType = sourcecode.c.h; path = XNLTextFieldSideView.h; sourceTree = "<group>"; };
		327E0DB923BDF40E00108DFD /* XNLCommonCell.h */ = {isa = PBXFileReference; fileEncoding = 4; lastKnownFileType = sourcecode.c.h; path = XNLCommonCell.h; sourceTree = "<group>"; };
		327E0DBA23BDF40E00108DFD /* XNLCommonCellModel.m */ = {isa = PBXFileReference; fileEncoding = 4; lastKnownFileType = sourcecode.c.objc; path = XNLCommonCellModel.m; sourceTree = "<group>"; };
		327E0DBB23BDF40E00108DFD /* XNLCommonCellModel.h */ = {isa = PBXFileReference; fileEncoding = 4; lastKnownFileType = sourcecode.c.h; path = XNLCommonCellModel.h; sourceTree = "<group>"; };
		327E0DBC23BDF40E00108DFD /* XNLCommonCell.m */ = {isa = PBXFileReference; fileEncoding = 4; lastKnownFileType = sourcecode.c.objc; path = XNLCommonCell.m; sourceTree = "<group>"; };
		36BFB242AEF75ACEBEF10266 /* Pods-TemplateProject.release.xcconfig */ = {isa = PBXFileReference; includeInIndex = 1; lastKnownFileType = text.xcconfig; name = "Pods-TemplateProject.release.xcconfig"; path = "Target Support Files/Pods-TemplateProject/Pods-TemplateProject.release.xcconfig"; sourceTree = "<group>"; };
		3C6DF4ABABF0CB062E4AB4F4 /* Pods-TemplateProject.debug.xcconfig */ = {isa = PBXFileReference; includeInIndex = 1; lastKnownFileType = text.xcconfig; name = "Pods-TemplateProject.debug.xcconfig"; path = "Target Support Files/Pods-TemplateProject/Pods-TemplateProject.debug.xcconfig"; sourceTree = "<group>"; };
		A25A05A409EF1301AA51AAD0 /* libPods-TemplateProject.a */ = {isa = PBXFileReference; explicitFileType = archive.ar; includeInIndex = 0; path = "libPods-TemplateProject.a"; sourceTree = BUILT_PRODUCTS_DIR; };
/* End PBXFileReference section */

/* Begin PBXFrameworksBuildPhase section */
		327E0C5923BCE11700108DFD /* Frameworks */ = {
			isa = PBXFrameworksBuildPhase;
			buildActionMask = 2147483647;
			files = (
				3F8F63ECEDDE6EF7EB1FE6F5 /* libPods-TemplateProject.a in Frameworks */,
			);
			runOnlyForDeploymentPostprocessing = 0;
		};
		327E0C7123BCE11700108DFD /* Frameworks */ = {
			isa = PBXFrameworksBuildPhase;
			buildActionMask = 2147483647;
			files = (
			);
			runOnlyForDeploymentPostprocessing = 0;
		};
		327E0C7C23BCE11700108DFD /* Frameworks */ = {
			isa = PBXFrameworksBuildPhase;
			buildActionMask = 2147483647;
			files = (
			);
			runOnlyForDeploymentPostprocessing = 0;
		};
/* End PBXFrameworksBuildPhase section */

/* Begin PBXGroup section */
		327E0C5323BCE11700108DFD = {
			isa = PBXGroup;
			children = (
				327E0C5E23BCE11700108DFD /* TemplateProject */,
				327E0C7723BCE11700108DFD /* TemplateProjectTests */,
				327E0C8223BCE11700108DFD /* TemplateProjectUITests */,
				327E0C5D23BCE11700108DFD /* Products */,
				8151722F86A1D9B4AAE4BCE5 /* Pods */,
				5E203E84966232923132971B /* Frameworks */,
			);
			sourceTree = "<group>";
		};
		327E0C5D23BCE11700108DFD /* Products */ = {
			isa = PBXGroup;
			children = (
				327E0C5C23BCE11700108DFD /* 时光机.app */,
				327E0C7423BCE11700108DFD /* TemplateProjectTests.xctest */,
				327E0C7F23BCE11700108DFD /* TemplateProjectUITests.xctest */,
			);
			name = Products;
			sourceTree = "<group>";
		};
		327E0C5E23BCE11700108DFD /* TemplateProject */ = {
			isa = PBXGroup;
			children = (
				327E0D4223BD8E1C00108DFD /* Network */,
				327E0D3123BD835700108DFD /* Router */,
				327E0CB523BD13B700108DFD /* UI */,
				327E0C9123BCFBE800108DFD /* Common */,
				327E0C5F23BCE11700108DFD /* AppDelegate.h */,
				327E0C6023BCE11700108DFD /* AppDelegate.m */,
				327E0C6223BCE11700108DFD /* ViewController.h */,
				327E0C6323BCE11700108DFD /* ViewController.m */,
				327E0C6523BCE11700108DFD /* Main.storyboard */,
				327E0C6823BCE11700108DFD /* Assets.xcassets */,
				327E0C6A23BCE11700108DFD /* LaunchScreen.storyboard */,
				327E0C6D23BCE11700108DFD /* Info.plist */,
				327E0C6E23BCE11700108DFD /* main.m */,
			);
			path = TemplateProject;
			sourceTree = "<group>";
		};
		327E0C7723BCE11700108DFD /* TemplateProjectTests */ = {
			isa = PBXGroup;
			children = (
				327E0C7823BCE11700108DFD /* TemplateProjectTests.m */,
				327E0C7A23BCE11700108DFD /* Info.plist */,
			);
			path = TemplateProjectTests;
			sourceTree = "<group>";
		};
		327E0C8223BCE11700108DFD /* TemplateProjectUITests */ = {
			isa = PBXGroup;
			children = (
				327E0C8323BCE11700108DFD /* TemplateProjectUITests.m */,
				327E0C8523BCE11700108DFD /* Info.plist */,
			);
			path = TemplateProjectUITests;
			sourceTree = "<group>";
		};
		327E0C9123BCFBE800108DFD /* Common */ = {
			isa = PBXGroup;
			children = (
				327E0C9223BCFC2F00108DFD /* XNGlobalMacros.h */,
				327E0D2D23BD7F2000108DFD /* Model */,
				327E0CB723BD140F00108DFD /* Categorys */,
				327E0CB623BD140000108DFD /* Utils */,
			);
			path = Common;
			sourceTree = "<group>";
		};
		327E0C9923BD075F00108DFD /* BaseUI */ = {
			isa = PBXGroup;
			children = (
				327E0C9C23BD078C00108DFD /* ViewController */,
				327E0C9B23BD078500108DFD /* View */,
				327E0C9A23BD077E00108DFD /* ViewModel */,
			);
			path = BaseUI;
			sourceTree = "<group>";
		};
		327E0C9A23BD077E00108DFD /* ViewModel */ = {
			isa = PBXGroup;
			children = (
				327E0CA323BD0CCB00108DFD /* XNBaseViewModel.h */,
				327E0CA423BD0CCB00108DFD /* XNBaseViewModel.m */,
				327E0CA623BD0CE300108DFD /* XNBaseListViewModel.h */,
				327E0CA723BD0CE300108DFD /* XNBaseListViewModel.m */,
			);
			path = ViewModel;
			sourceTree = "<group>";
		};
		327E0C9B23BD078500108DFD /* View */ = {
			isa = PBXGroup;
			children = (
				327E0CA923BD132500108DFD /* XNBaseView.h */,
				327E0CAA23BD132500108DFD /* XNBaseView.m */,
				327E0CAC23BD134700108DFD /* XNBaseTableViewCell.h */,
				327E0CAD23BD134700108DFD /* XNBaseTableViewCell.m */,
			);
			path = View;
			sourceTree = "<group>";
		};
		327E0C9C23BD078C00108DFD /* ViewController */ = {
			isa = PBXGroup;
			children = (
				327E0CAF23BD136A00108DFD /* XNBaseViewController.h */,
				327E0CB023BD136A00108DFD /* XNBaseViewController.m */,
				327E0D9523BDE6FE00108DFD /* XNBaseViewController+TipView.h */,
				327E0D9723BDE6FE00108DFD /* XNBaseViewController+TipView.m */,
				327E0CB223BD13B000108DFD /* XNBaseListViewController.h */,
				327E0CB323BD13B000108DFD /* XNBaseListViewController.m */,
			);
			path = ViewController;
			sourceTree = "<group>";
		};
		327E0CB523BD13B700108DFD /* UI */ = {
			isa = PBXGroup;
			children = (
				327E0CB823BD144E00108DFD /* Custom */,
				327E0C9923BD075F00108DFD /* BaseUI */,
			);
			path = UI;
			sourceTree = "<group>";
		};
		327E0CB623BD140000108DFD /* Utils */ = {
			isa = PBXGroup;
			children = (
				327E0C9623BD01DD00108DFD /* XNFrameUtils.h */,
				327E0C9723BD01DD00108DFD /* XNFrameUtils.m */,
				327E0D3C23BD845A00108DFD /* XNNumberFormatUtils.h */,
				327E0D3D23BD845A00108DFD /* XNNumberFormatUtils.m */,
				327E0D3F23BD86C100108DFD /* XNFormulaCalcUtils.h */,
				327E0D4023BD86C100108DFD /* XNFormulaCalcUtils.m */,
			);
			path = Utils;
			sourceTree = "<group>";
		};
		327E0CB723BD140F00108DFD /* Categorys */ = {
			isa = PBXGroup;
			children = (
				327E0CBA23BD14D600108DFD /* XNLCategories.h */,
				327E0CC023BD14F200108DFD /* Foundation */,
				327E0CDB23BD14F300108DFD /* Helper */,
				327E0CE523BD14F300108DFD /* UIKit */,
			);
			path = Categorys;
			sourceTree = "<group>";
		};
		327E0CB823BD144E00108DFD /* Custom */ = {
			isa = PBXGroup;
			children = (
				327E0D9B23BDF40E00108DFD /* Button */,
				327E0DB823BDF40E00108DFD /* CustomCell */,
				327E0DB123BDF40E00108DFD /* TextField */,
			);
			path = Custom;
			sourceTree = "<group>";
		};
		327E0CC023BD14F200108DFD /* Foundation */ = {
			isa = PBXGroup;
			children = (
				327E0CD823BD14F300108DFD /* NSArray+SSToolkitAdditions.h */,
				327E0CCD23BD14F300108DFD /* NSArray+SSToolkitAdditions.m */,
				327E0CCE23BD14F300108DFD /* NSData+SSToolkitAdditions.h */,
				327E0CC323BD14F200108DFD /* NSData+SSToolkitAdditions.m */,
				327E0CD723BD14F300108DFD /* NSDate+SSToolkitAdditions.h */,
				327E0CC923BD14F300108DFD /* NSDate+SSToolkitAdditions.m */,
				327E0CC723BD14F300108DFD /* NSDateFormatter+SSToolkitAdditions.h */,
				327E0CD223BD14F300108DFD /* NSDateFormatter+SSToolkitAdditions.m */,
				327E0CD423BD14F300108DFD /* NSDictionary+SSToolkitAdditions.h */,
				327E0CC523BD14F300108DFD /* NSDictionary+SSToolkitAdditions.m */,
				327E0CD523BD14F300108DFD /* NSFileManager+SSToolkitAdditions.h */,
				327E0CC423BD14F300108DFD /* NSFileManager+SSToolkitAdditions.m */,
				327E0CD923BD14F300108DFD /* NSMutableAttributedString+SSToolkitAdditions.h */,
				327E0CCC23BD14F300108DFD /* NSMutableAttributedString+SSToolkitAdditions.m */,
				327E0CD323BD14F300108DFD /* NSNumber+SSToolkitAdditions.h */,
				327E0CC623BD14F300108DFD /* NSNumber+SSToolkitAdditions.m */,
				327E0CC223BD14F200108DFD /* NSObject+SSToolkitAdditions.h */,
				327E0CCF23BD14F300108DFD /* NSObject+SSToolkitAdditions.m */,
				327E0CC123BD14F200108DFD /* NSString+SSToolkitAdditions.h */,
				327E0CD023BD14F300108DFD /* NSString+SSToolkitAdditions.m */,
				327E0CDA23BD14F300108DFD /* NSTimer+SSToolkitAdditions.h */,
				327E0CCB23BD14F300108DFD /* NSTimer+SSToolkitAdditions.m */,
				327E0CCA23BD14F300108DFD /* NSURL+SSToolkitAdditions.h */,
				327E0CD623BD14F300108DFD /* NSURL+SSToolkitAdditions.m */,
				327E0CC823BD14F300108DFD /* NSUserDefaults+SSToolkitAdditions.h */,
				327E0CD123BD14F300108DFD /* NSUserDefaults+SSToolkitAdditions.m */,
			);
			path = Foundation;
			sourceTree = "<group>";
		};
		327E0CDB23BD14F300108DFD /* Helper */ = {
			isa = PBXGroup;
			children = (
				327E0CDF23BD14F300108DFD /* SSAttributedItemCollection.h */,
				327E0CDD23BD14F300108DFD /* SSBorderAttributedItem.h */,
				327E0CE123BD14F300108DFD /* SSBorderAttributedItem.m */,
				327E0CE023BD14F300108DFD /* SSColorAttributedItem.h */,
				327E0CE423BD14F300108DFD /* SSColorAttributedItem.m */,
				327E0CDE23BD14F300108DFD /* SSImageAttributedItem.h */,
				327E0CE323BD14F300108DFD /* SSImageAttributedItem.m */,
				327E0CE223BD14F300108DFD /* SSTextAttributedItem.h */,
				327E0CDC23BD14F300108DFD /* SSTextAttributedItem.m */,
			);
			path = Helper;
			sourceTree = "<group>";
		};
		327E0CE523BD14F300108DFD /* UIKit */ = {
			isa = PBXGroup;
			children = (
				327E0CFE23BD14F300108DFD /* CALayer+SSToolkitAdditions.h */,
				327E0CF223BD14F300108DFD /* CALayer+SSToolkitAdditions.m */,
				327E0D0023BD14F300108DFD /* UIApplication+SSToolkitAdditions.h */,
				327E0CF023BD14F300108DFD /* UIApplication+SSToolkitAdditions.m */,
				327E0CFB23BD14F300108DFD /* UIButton+SSToolkitAdditions.h */,
				327E0CE823BD14F300108DFD /* UIButton+SSToolkitAdditions.m */,
				327E0CEF23BD14F300108DFD /* UIColor+SSToolkitAdditions.h */,
				327E0D0123BD14F300108DFD /* UIColor+SSToolkitAdditions.m */,
				327E0D0723BD14F300108DFD /* UIControl+SSToolkitAdditions.h */,
				327E0CF523BD14F300108DFD /* UIControl+SSToolkitAdditions.m */,
				327E0CEE23BD14F300108DFD /* UIDevice+SSToolkitAdditions.h */,
				327E0D0223BD14F300108DFD /* UIDevice+SSToolkitAdditions.m */,
				327E0D0923BD14F300108DFD /* UIImage+SSToolkitAdditions.h */,
				327E0CF723BD14F300108DFD /* UIImage+SSToolkitAdditions.m */,
				327E0CE723BD14F300108DFD /* UILabel+SSToolkitAdditions.h */,
				327E0CFD23BD14F300108DFD /* UILabel+SSToolkitAdditions.m */,
				327E0D0423BD14F300108DFD /* UINavigationController+SSToolkitAdditions.h */,
				327E0CEC23BD14F300108DFD /* UINavigationController+SSToolkitAdditions.m */,
				327E0CF123BD14F300108DFD /* UIResponder+SSToolkitAdditions.h */,
				327E0CFF23BD14F300108DFD /* UIResponder+SSToolkitAdditions.m */,
				327E0CEB23BD14F300108DFD /* UIScreen+SSToolkitAdditions.h */,
				327E0CF823BD14F300108DFD /* UIScreen+SSToolkitAdditions.m */,
				327E0CF423BD14F300108DFD /* UIScrollView+SSToolkitAdditions.h */,
				327E0D0623BD14F300108DFD /* UIScrollView+SSToolkitAdditions.m */,
				327E0CF623BD14F300108DFD /* UITableView+SSToolkitAdditions.h */,
				327E0D0523BD14F300108DFD /* UITableView+SSToolkitAdditions.m */,
				327E0CF923BD14F300108DFD /* UITableViewCell+SSToolkitAdditions.h */,
				327E0CEA23BD14F300108DFD /* UITableViewCell+SSToolkitAdditions.m */,
				327E0D0323BD14F300108DFD /* UITextField+SSToolkitAdditions.h */,
				327E0CED23BD14F300108DFD /* UITextField+SSToolkitAdditions.m */,
				327E0D0823BD14F300108DFD /* UIView+SSToolkitAdditions.h */,
				327E0CF323BD14F300108DFD /* UIView+SSToolkitAdditions.m */,
				327E0CE923BD14F300108DFD /* UIViewController+SSToolkitAdditions.h */,
				327E0CFA23BD14F300108DFD /* UIViewController+SSToolkitAdditions.m */,
				327E0CE623BD14F300108DFD /* UIWebView+SSToolkitAdditions.h */,
				327E0CFC23BD14F300108DFD /* UIWebView+SSToolkitAdditions.m */,
			);
			path = UIKit;
			sourceTree = "<group>";
		};
		327E0D2D23BD7F2000108DFD /* Model */ = {
			isa = PBXGroup;
			children = (
				327E0C9D23BD083800108DFD /* XNBaseModel.h */,
				327E0C9E23BD083800108DFD /* XNBaseModel.m */,
				327E0D2E23BD7F6A00108DFD /* XNDeviceModel.h */,
				327E0D2F23BD7F6A00108DFD /* XNDeviceModel.m */,
			);
			path = Model;
			sourceTree = "<group>";
		};
		327E0D3123BD835700108DFD /* Router */ = {
			isa = PBXGroup;
			children = (
				327E0D3223BD837700108DFD /* XNVCAnchor */,
			);
			path = Router;
			sourceTree = "<group>";
		};
		327E0D3223BD837700108DFD /* XNVCAnchor */ = {
			isa = PBXGroup;
			children = (
				327E0D3723BD837700108DFD /* UINavigationController+XNAnchor.h */,
				327E0D3323BD837700108DFD /* UINavigationController+XNAnchor.m */,
				327E0D3423BD837700108DFD /* UIViewController+XNAnchor.h */,
				327E0D3623BD837700108DFD /* UIViewController+XNAnchor.m */,
				327E0D3823BD837700108DFD /* XNStack.h */,
				327E0D3523BD837700108DFD /* XNStack.m */,
			);
			path = XNVCAnchor;
			sourceTree = "<group>";
		};
		327E0D4223BD8E1C00108DFD /* Network */ = {
			isa = PBXGroup;
			children = (
				327E0D5323BD8E5100108DFD /* YNDNetwork */,
				327E0D6123BD8E5100108DFD /* AFNetWorkWrapper */,
				327E0D4323BD8E5100108DFD /* WebSocket */,
			);
			path = Network;
			sourceTree = "<group>";
		};
		327E0D4323BD8E5100108DFD /* WebSocket */ = {
			isa = PBXGroup;
			children = (
				327E0D4C23BD8E5100108DFD /* XNWebSocketManager.h */,
				327E0D4523BD8E5100108DFD /* XNWebSocketManager.m */,
			);
			path = WebSocket;
			sourceTree = "<group>";
		};
		327E0D5323BD8E5100108DFD /* YNDNetwork */ = {
			isa = PBXGroup;
			children = (
				327E0D8E23BDADD400108DFD /* Constants */,
				327E0D5823BD8E5100108DFD /* Model */,
				327E0D5723BD8E5100108DFD /* YNDSessionManagerHelper.h */,
				327E0D5F23BD8E5100108DFD /* YNDSessionManagerHelper.m */,
				327E0D5E23BD8E5100108DFD /* YNDRequestParameter.h */,
				327E0D5523BD8E5100108DFD /* YNDRequestParameter.m */,
			);
			path = YNDNetwork;
			sourceTree = "<group>";
		};
		327E0D5823BD8E5100108DFD /* Model */ = {
			isa = PBXGroup;
			children = (
				327E0D5923BD8E5100108DFD /* YNDRequest.h */,
				327E0D5B23BD8E5100108DFD /* YNDRequest.m */,
				327E0D5C23BD8E5100108DFD /* YNDResponse.h */,
				327E0D5A23BD8E5100108DFD /* YNDResponse.m */,
			);
			path = Model;
			sourceTree = "<group>";
		};
		327E0D6123BD8E5100108DFD /* AFNetWorkWrapper */ = {
			isa = PBXGroup;
			children = (
				327E0D8D23BD92DB00108DFD /* Category */,
				327E0D6C23BD8E5100108DFD /* Model */,
				327E0D6623BD8E5100108DFD /* XNSessionManagerFactory.h */,
				327E0D6223BD8E5100108DFD /* XNSessionManagerFactory.m */,
				327E0D7323BD8E5100108DFD /* XNHttpClient.h */,
				327E0D6523BD8E5100108DFD /* XNHttpClient.m */,
				327E0D6323BD8E5100108DFD /* XNNetworkConstants.h */,
				327E0D7523BD8E5100108DFD /* XNNetworkConstants.m */,
			);
			path = AFNetWorkWrapper;
			sourceTree = "<group>";
		};
		327E0D6C23BD8E5100108DFD /* Model */ = {
			isa = PBXGroup;
			children = (
				327E0D7223BD8E5100108DFD /* XNBaseRequest.h */,
				327E0D6E23BD8E5100108DFD /* XNBaseRequest.m */,
				327E0D6F23BD8E5100108DFD /* XNBaseResponse.h */,
				327E0D7123BD8E5100108DFD /* XNBaseResponse.m */,
			);
			path = Model;
			sourceTree = "<group>";
		};
		327E0D8D23BD92DB00108DFD /* Category */ = {
			isa = PBXGroup;
			children = (
				327E0D9223BDC11000108DFD /* XNNetworkErrorMsgConstants.h */,
				327E0D9323BDC11000108DFD /* XNNetworkErrorMsgConstants.m */,
				327E0D7023BD8E5100108DFD /* NSError+XNNetwork.h */,
				327E0D6D23BD8E5100108DFD /* NSError+XNNetwork.m */,
				327E0D6423BD8E5100108DFD /* AFHTTPSessionManager+XNNetwork.h */,
				327E0D7423BD8E5100108DFD /* AFHTTPSessionManager+XNNetwork.m */,
			);
			path = Category;
			sourceTree = "<group>";
		};
		327E0D8E23BDADD400108DFD /* Constants */ = {
			isa = PBXGroup;
			children = (
				327E0D5623BD8E5100108DFD /* YNDApiConstants.h */,
				327E0D6023BD8E5100108DFD /* YNDApiConstants.m */,
				327E0D5D23BD8E5100108DFD /* YNDRequestParamsConstants.h */,
				327E0D5423BD8E5100108DFD /* YNDRequestParamsConstants.m */,
				327E0D8F23BDBE4B00108DFD /* YNDResponseParamsConstants.h */,
				327E0D9023BDBE4B00108DFD /* YNDResponseParamsConstants.m */,
			);
			path = Constants;
			sourceTree = "<group>";
		};
		327E0D9B23BDF40E00108DFD /* Button */ = {
			isa = PBXGroup;
			children = (
				327E0DAF23BDF40E00108DFD /* Readme.txt */,
				327E0DB023BDF40E00108DFD /* XNLButtonConstants.h */,
				327E0DA423BDF40E00108DFD /* XNLCommonButton.h */,
				327E0D9C23BDF40E00108DFD /* XNLCommonButton.m */,
				327E0DA823BDF40E00108DFD /* Normal */,
				327E0D9D23BDF40E00108DFD /* FixSize */,
				327E0DA523BDF40E00108DFD /* VerityCode */,
			);
			path = Button;
			sourceTree = "<group>";
		};
		327E0D9D23BDF40E00108DFD /* FixSize */ = {
			isa = PBXGroup;
			children = (
				327E0DA023BDF40E00108DFD /* XNLBaseFixSizeButton.h */,
				327E0DA323BDF40E00108DFD /* XNLBaseFixSizeButton.m */,
				327E0DA123BDF40E00108DFD /* XNLFixSizeHorizontalButton.h */,
				327E0D9E23BDF40E00108DFD /* XNLFixSizeHorizontalButton.m */,
				327E0D9F23BDF40E00108DFD /* XNLFixSizeVerticalButton.h */,
				327E0DA223BDF40E00108DFD /* XNLFixSizeVerticalButton.m */,
			);
			path = FixSize;
			sourceTree = "<group>";
		};
		327E0DA523BDF40E00108DFD /* VerityCode */ = {
			isa = PBXGroup;
			children = (
				327E0DA623BDF40E00108DFD /* XNLVerifyCodeButton.h */,
				327E0DA723BDF40E00108DFD /* XNLVerifyCodeButton.m */,
			);
			path = VerityCode;
			sourceTree = "<group>";
		};
		327E0DA823BDF40E00108DFD /* Normal */ = {
			isa = PBXGroup;
			children = (
				327E0DA923BDF40E00108DFD /* XNLBaseButton.h */,
				327E0DAC23BDF40E00108DFD /* XNLBaseButton.m */,
				327E0DAA23BDF40E00108DFD /* XNLHorizontalButton.h */,
				327E0DAE23BDF40E00108DFD /* XNLHorizontalButton.m */,
				327E0DAD23BDF40E00108DFD /* XNLVerticalButton.h */,
				327E0DAB23BDF40E00108DFD /* XNLVerticalButton.m */,
			);
			path = Normal;
			sourceTree = "<group>";
		};
		327E0DB123BDF40E00108DFD /* TextField */ = {
			isa = PBXGroup;
			children = (
				327E0DB323BDF40E00108DFD /* XNLInputFormatTextField.h */,
				327E0DB523BDF40E00108DFD /* XNLInputFormatTextField.m */,
				327E0DB223BDF40E00108DFD /* XNLInputView.h */,
				327E0DB623BDF40E00108DFD /* XNLInputView.m */,
				327E0DB723BDF40E00108DFD /* XNLTextFieldSideView.h */,
				327E0DB423BDF40E00108DFD /* XNLTextFieldSideView.m */,
			);
			path = TextField;
			sourceTree = "<group>";
		};
		327E0DB823BDF40E00108DFD /* CustomCell */ = {
			isa = PBXGroup;
			children = (
				327E0DB923BDF40E00108DFD /* XNLCommonCell.h */,
				327E0DBC23BDF40E00108DFD /* XNLCommonCell.m */,
				327E0DBB23BDF40E00108DFD /* XNLCommonCellModel.h */,
				327E0DBA23BDF40E00108DFD /* XNLCommonCellModel.m */,
			);
			path = CustomCell;
			sourceTree = "<group>";
		};
		5E203E84966232923132971B /* Frameworks */ = {
			isa = PBXGroup;
			children = (
				A25A05A409EF1301AA51AAD0 /* libPods-TemplateProject.a */,
			);
			name = Frameworks;
			sourceTree = "<group>";
		};
		8151722F86A1D9B4AAE4BCE5 /* Pods */ = {
			isa = PBXGroup;
			children = (
				3C6DF4ABABF0CB062E4AB4F4 /* Pods-TemplateProject.debug.xcconfig */,
				36BFB242AEF75ACEBEF10266 /* Pods-TemplateProject.release.xcconfig */,
			);
			path = Pods;
			sourceTree = "<group>";
		};
/* End PBXGroup section */

/* Begin PBXNativeTarget section */
		327E0C5B23BCE11700108DFD /* TemplateProject */ = {
			isa = PBXNativeTarget;
			buildConfigurationList = 327E0C8823BCE11700108DFD /* Build configuration list for PBXNativeTarget "TemplateProject" */;
			buildPhases = (
				6FA57F929A89226A041F899F /* [CP] Check Pods Manifest.lock */,
				327E0C5823BCE11700108DFD /* Sources */,
				327E0C5923BCE11700108DFD /* Frameworks */,
				327E0C5A23BCE11700108DFD /* Resources */,
				1FB8D080B293E7C00D9AE860 /* [CP] Copy Pods Resources */,
			);
			buildRules = (
			);
			dependencies = (
			);
			name = TemplateProject;
			productName = TemplateProject;
			productReference = 327E0C5C23BCE11700108DFD /* 时光机.app */;
			productType = "com.apple.product-type.application";
		};
		327E0C7323BCE11700108DFD /* TemplateProjectTests */ = {
			isa = PBXNativeTarget;
			buildConfigurationList = 327E0C8B23BCE11700108DFD /* Build configuration list for PBXNativeTarget "TemplateProjectTests" */;
			buildPhases = (
				327E0C7023BCE11700108DFD /* Sources */,
				327E0C7123BCE11700108DFD /* Frameworks */,
				327E0C7223BCE11700108DFD /* Resources */,
			);
			buildRules = (
			);
			dependencies = (
				327E0C7623BCE11700108DFD /* PBXTargetDependency */,
			);
			name = TemplateProjectTests;
			productName = TemplateProjectTests;
			productReference = 327E0C7423BCE11700108DFD /* TemplateProjectTests.xctest */;
			productType = "com.apple.product-type.bundle.unit-test";
		};
		327E0C7E23BCE11700108DFD /* TemplateProjectUITests */ = {
			isa = PBXNativeTarget;
			buildConfigurationList = 327E0C8E23BCE11700108DFD /* Build configuration list for PBXNativeTarget "TemplateProjectUITests" */;
			buildPhases = (
				327E0C7B23BCE11700108DFD /* Sources */,
				327E0C7C23BCE11700108DFD /* Frameworks */,
				327E0C7D23BCE11700108DFD /* Resources */,
			);
			buildRules = (
			);
			dependencies = (
				327E0C8123BCE11700108DFD /* PBXTargetDependency */,
			);
			name = TemplateProjectUITests;
			productName = TemplateProjectUITests;
			productReference = 327E0C7F23BCE11700108DFD /* TemplateProjectUITests.xctest */;
			productType = "com.apple.product-type.bundle.ui-testing";
		};
/* End PBXNativeTarget section */

/* Begin PBXProject section */
		327E0C5423BCE11700108DFD /* Project object */ = {
			isa = PBXProject;
			attributes = {
				LastUpgradeCheck = 1030;
				ORGANIZATIONNAME = zzc;
				TargetAttributes = {
					327E0C5B23BCE11700108DFD = {
						CreatedOnToolsVersion = 10.3;
					};
					327E0C7323BCE11700108DFD = {
						CreatedOnToolsVersion = 10.3;
						TestTargetID = 327E0C5B23BCE11700108DFD;
					};
					327E0C7E23BCE11700108DFD = {
						CreatedOnToolsVersion = 10.3;
						TestTargetID = 327E0C5B23BCE11700108DFD;
					};
				};
			};
			buildConfigurationList = 327E0C5723BCE11700108DFD /* Build configuration list for PBXProject "TemplateProject" */;
			compatibilityVersion = "Xcode 9.3";
			developmentRegion = en;
			hasScannedForEncodings = 0;
			knownRegions = (
				en,
				Base,
			);
			mainGroup = 327E0C5323BCE11700108DFD;
			productRefGroup = 327E0C5D23BCE11700108DFD /* Products */;
			projectDirPath = "";
			projectRoot = "";
			targets = (
				327E0C5B23BCE11700108DFD /* TemplateProject */,
				327E0C7323BCE11700108DFD /* TemplateProjectTests */,
				327E0C7E23BCE11700108DFD /* TemplateProjectUITests */,
			);
		};
/* End PBXProject section */

/* Begin PBXResourcesBuildPhase section */
		327E0C5A23BCE11700108DFD /* Resources */ = {
			isa = PBXResourcesBuildPhase;
			buildActionMask = 2147483647;
			files = (
				327E0C6C23BCE11700108DFD /* LaunchScreen.storyboard in Resources */,
				327E0C6923BCE11700108DFD /* Assets.xcassets in Resources */,
				327E0DC523BDF40E00108DFD /* Readme.txt in Resources */,
				327E0C6723BCE11700108DFD /* Main.storyboard in Resources */,
			);
			runOnlyForDeploymentPostprocessing = 0;
		};
		327E0C7223BCE11700108DFD /* Resources */ = {
			isa = PBXResourcesBuildPhase;
			buildActionMask = 2147483647;
			files = (
			);
			runOnlyForDeploymentPostprocessing = 0;
		};
		327E0C7D23BCE11700108DFD /* Resources */ = {
			isa = PBXResourcesBuildPhase;
			buildActionMask = 2147483647;
			files = (
			);
			runOnlyForDeploymentPostprocessing = 0;
		};
/* End PBXResourcesBuildPhase section */

/* Begin PBXShellScriptBuildPhase section */
		1FB8D080B293E7C00D9AE860 /* [CP] Copy Pods Resources */ = {
			isa = PBXShellScriptBuildPhase;
			buildActionMask = 2147483647;
			files = (
			);
			inputFileListPaths = (
				"${PODS_ROOT}/Target Support Files/Pods-TemplateProject/Pods-TemplateProject-resources-${CONFIGURATION}-input-files.xcfilelist",
			);
			name = "[CP] Copy Pods Resources";
			outputFileListPaths = (
				"${PODS_ROOT}/Target Support Files/Pods-TemplateProject/Pods-TemplateProject-resources-${CONFIGURATION}-output-files.xcfilelist",
			);
			runOnlyForDeploymentPostprocessing = 0;
			shellPath = /bin/sh;
			shellScript = "\"${PODS_ROOT}/Target Support Files/Pods-TemplateProject/Pods-TemplateProject-resources.sh\"\n";
			showEnvVarsInLog = 0;
		};
		6FA57F929A89226A041F899F /* [CP] Check Pods Manifest.lock */ = {
			isa = PBXShellScriptBuildPhase;
			buildActionMask = 2147483647;
			files = (
			);
			inputFileListPaths = (
			);
			inputPaths = (
				"${PODS_PODFILE_DIR_PATH}/Podfile.lock",
				"${PODS_ROOT}/Manifest.lock",
			);
			name = "[CP] Check Pods Manifest.lock";
			outputFileListPaths = (
			);
			outputPaths = (
				"$(DERIVED_FILE_DIR)/Pods-TemplateProject-checkManifestLockResult.txt",
			);
			runOnlyForDeploymentPostprocessing = 0;
			shellPath = /bin/sh;
			shellScript = "diff \"${PODS_PODFILE_DIR_PATH}/Podfile.lock\" \"${PODS_ROOT}/Manifest.lock\" > /dev/null\nif [ $? != 0 ] ; then\n    # print error to STDERR\n    echo \"error: The sandbox is not in sync with the Podfile.lock. Run 'pod install' or update your CocoaPods installation.\" >&2\n    exit 1\nfi\n# This output is used by Xcode 'outputs' to avoid re-running this script phase.\necho \"SUCCESS\" > \"${SCRIPT_OUTPUT_FILE_0}\"\n";
			showEnvVarsInLog = 0;
		};
/* End PBXShellScriptBuildPhase section */

/* Begin PBXSourcesBuildPhase section */
		327E0C5823BCE11700108DFD /* Sources */ = {
			isa = PBXSourcesBuildPhase;
			buildActionMask = 2147483647;
			files = (
				327E0D0F23BD14F300108DFD /* NSTimer+SSToolkitAdditions.m in Sources */,
				327E0D1023BD14F300108DFD /* NSMutableAttributedString+SSToolkitAdditions.m in Sources */,
				327E0D2B23BD14F300108DFD /* UITableView+SSToolkitAdditions.m in Sources */,
				327E0DCA23BDF40E00108DFD /* XNLCommonCell.m in Sources */,
				327E0D8C23BD8E5100108DFD /* XNNetworkConstants.m in Sources */,
				327E0D2223BD14F300108DFD /* UIControl+SSToolkitAdditions.m in Sources */,
				327E0D8923BD8E5100108DFD /* XNBaseRequest.m in Sources */,
				327E0D7F23BD8E5100108DFD /* YNDRequestParameter.m in Sources */,
				327E0D2023BD14F300108DFD /* CALayer+SSToolkitAdditions.m in Sources */,
				327E0C6423BCE11700108DFD /* ViewController.m in Sources */,
				327E0D3023BD7F6A00108DFD /* XNDeviceModel.m in Sources */,
				327E0CB123BD136A00108DFD /* XNBaseViewController.m in Sources */,
				327E0D3E23BD845A00108DFD /* XNNumberFormatUtils.m in Sources */,
				327E0D2823BD14F300108DFD /* UIResponder+SSToolkitAdditions.m in Sources */,
				327E0D9423BDC11000108DFD /* XNNetworkErrorMsgConstants.m in Sources */,
				327E0D1823BD14F300108DFD /* SSBorderAttributedItem.m in Sources */,
				327E0DBF23BDF40E00108DFD /* XNLFixSizeVerticalButton.m in Sources */,
				327E0DBE23BDF40E00108DFD /* XNLFixSizeHorizontalButton.m in Sources */,
				327E0D8223BD8E5100108DFD /* YNDSessionManagerHelper.m in Sources */,
				327E0D1B23BD14F300108DFD /* UIButton+SSToolkitAdditions.m in Sources */,
				327E0DC223BDF40E00108DFD /* XNLVerticalButton.m in Sources */,
				327E0CA823BD0CE300108DFD /* XNBaseListViewModel.m in Sources */,
				327E0C9823BD01DD00108DFD /* XNFrameUtils.m in Sources */,
				327E0CB423BD13B000108DFD /* XNBaseListViewController.m in Sources */,
				327E0D1323BD14F300108DFD /* NSString+SSToolkitAdditions.m in Sources */,
				327E0D2723BD14F300108DFD /* UILabel+SSToolkitAdditions.m in Sources */,
				327E0CAB23BD132500108DFD /* XNBaseView.m in Sources */,
				327E0C6F23BCE11700108DFD /* main.m in Sources */,
				327E0D4123BD86C100108DFD /* XNFormulaCalcUtils.m in Sources */,
				327E0D2623BD14F300108DFD /* UIWebView+SSToolkitAdditions.m in Sources */,
				327E0D2423BD14F300108DFD /* UIScreen+SSToolkitAdditions.m in Sources */,
				327E0D0B23BD14F300108DFD /* NSFileManager+SSToolkitAdditions.m in Sources */,
				327E0CA523BD0CCB00108DFD /* XNBaseViewModel.m in Sources */,
				327E0D2A23BD14F300108DFD /* UIDevice+SSToolkitAdditions.m in Sources */,
				327E0DC923BDF40E00108DFD /* XNLCommonCellModel.m in Sources */,
				327E0DC023BDF40E00108DFD /* XNLBaseFixSizeButton.m in Sources */,
				327E0C9F23BD083800108DFD /* XNBaseModel.m in Sources */,
				327E0D1F23BD14F300108DFD /* UIApplication+SSToolkitAdditions.m in Sources */,
				327E0D8823BD8E5100108DFD /* NSError+XNNetwork.m in Sources */,
				327E0D8123BD8E5100108DFD /* YNDRequest.m in Sources */,
				327E0DC823BDF40E00108DFD /* XNLInputView.m in Sources */,
				327E0D7E23BD8E5100108DFD /* YNDRequestParamsConstants.m in Sources */,
				327E0D8423BD8E5100108DFD /* XNSessionManagerFactory.m in Sources */,
				327E0D1723BD14F300108DFD /* SSTextAttributedItem.m in Sources */,
				327E0D1E23BD14F300108DFD /* UITextField+SSToolkitAdditions.m in Sources */,
				327E0D3B23BD837700108DFD /* UIViewController+XNAnchor.m in Sources */,
				327E0D7723BD8E5100108DFD /* XNWebSocketManager.m in Sources */,
				327E0D2C23BD14F300108DFD /* UIScrollView+SSToolkitAdditions.m in Sources */,
				327E0D1D23BD14F300108DFD /* UINavigationController+SSToolkitAdditions.m in Sources */,
				327E0DC623BDF40E00108DFD /* XNLTextFieldSideView.m in Sources */,
				327E0CAE23BD134700108DFD /* XNBaseTableViewCell.m in Sources */,
				327E0D1423BD14F300108DFD /* NSUserDefaults+SSToolkitAdditions.m in Sources */,
				327E0D0E23BD14F300108DFD /* NSDate+SSToolkitAdditions.m in Sources */,
				327E0D8A23BD8E5100108DFD /* XNBaseResponse.m in Sources */,
				327E0D1123BD14F300108DFD /* NSArray+SSToolkitAdditions.m in Sources */,
				327E0D8323BD8E5100108DFD /* YNDApiConstants.m in Sources */,
				327E0DC423BDF40E00108DFD /* XNLHorizontalButton.m in Sources */,
				327E0D1923BD14F300108DFD /* SSImageAttributedItem.m in Sources */,
				327E0D0D23BD14F300108DFD /* NSNumber+SSToolkitAdditions.m in Sources */,
				327E0D9123BDBE4B00108DFD /* YNDResponseParamsConstants.m in Sources */,
				327E0DBD23BDF40E00108DFD /* XNLCommonButton.m in Sources */,
				327E0D0C23BD14F300108DFD /* NSDictionary+SSToolkitAdditions.m in Sources */,
				327E0D1523BD14F300108DFD /* NSDateFormatter+SSToolkitAdditions.m in Sources */,
				327E0D3A23BD837700108DFD /* XNStack.m in Sources */,
				327E0DC323BDF40E00108DFD /* XNLBaseButton.m in Sources */,
				327E0D9A23BDE6FE00108DFD /* XNBaseViewController+TipView.m in Sources */,
				327E0C6123BCE11700108DFD /* AppDelegate.m in Sources */,
				327E0D2523BD14F300108DFD /* UIViewController+SSToolkitAdditions.m in Sources */,
				327E0D1223BD14F300108DFD /* NSObject+SSToolkitAdditions.m in Sources */,
				327E0D0A23BD14F300108DFD /* NSData+SSToolkitAdditions.m in Sources */,
				327E0D1A23BD14F300108DFD /* SSColorAttributedItem.m in Sources */,
				327E0D8523BD8E5100108DFD /* XNHttpClient.m in Sources */,
				327E0D1C23BD14F300108DFD /* UITableViewCell+SSToolkitAdditions.m in Sources */,
				327E0DC123BDF40E00108DFD /* XNLVerifyCodeButton.m in Sources */,
				327E0DC723BDF40E00108DFD /* XNLInputFormatTextField.m in Sources */,
				327E0D2123BD14F300108DFD /* UIView+SSToolkitAdditions.m in Sources */,
				327E0D2323BD14F300108DFD /* UIImage+SSToolkitAdditions.m in Sources */,
				327E0D2923BD14F300108DFD /* UIColor+SSToolkitAdditions.m in Sources */,
				327E0D8B23BD8E5100108DFD /* AFHTTPSessionManager+XNNetwork.m in Sources */,
				327E0D3923BD837700108DFD /* UINavigationController+XNAnchor.m in Sources */,
				327E0D1623BD14F300108DFD /* NSURL+SSToolkitAdditions.m in Sources */,
				327E0D8023BD8E5100108DFD /* YNDResponse.m in Sources */,
			);
			runOnlyForDeploymentPostprocessing = 0;
		};
		327E0C7023BCE11700108DFD /* Sources */ = {
			isa = PBXSourcesBuildPhase;
			buildActionMask = 2147483647;
			files = (
				327E0C7923BCE11700108DFD /* TemplateProjectTests.m in Sources */,
			);
			runOnlyForDeploymentPostprocessing = 0;
		};
		327E0C7B23BCE11700108DFD /* Sources */ = {
			isa = PBXSourcesBuildPhase;
			buildActionMask = 2147483647;
			files = (
				327E0C8423BCE11700108DFD /* TemplateProjectUITests.m in Sources */,
			);
			runOnlyForDeploymentPostprocessing = 0;
		};
/* End PBXSourcesBuildPhase section */

/* Begin PBXTargetDependency section */
		327E0C7623BCE11700108DFD /* PBXTargetDependency */ = {
			isa = PBXTargetDependency;
			target = 327E0C5B23BCE11700108DFD /* TemplateProject */;
			targetProxy = 327E0C7523BCE11700108DFD /* PBXContainerItemProxy */;
		};
		327E0C8123BCE11700108DFD /* PBXTargetDependency */ = {
			isa = PBXTargetDependency;
			target = 327E0C5B23BCE11700108DFD /* TemplateProject */;
			targetProxy = 327E0C8023BCE11700108DFD /* PBXContainerItemProxy */;
		};
/* End PBXTargetDependency section */

/* Begin PBXVariantGroup section */
		327E0C6523BCE11700108DFD /* Main.storyboard */ = {
			isa = PBXVariantGroup;
			children = (
				327E0C6623BCE11700108DFD /* Base */,
			);
			name = Main.storyboard;
			sourceTree = "<group>";
		};
		327E0C6A23BCE11700108DFD /* LaunchScreen.storyboard */ = {
			isa = PBXVariantGroup;
			children = (
				327E0C6B23BCE11700108DFD /* Base */,
			);
			name = LaunchScreen.storyboard;
			sourceTree = "<group>";
		};
/* End PBXVariantGroup section */

/* Begin XCBuildConfiguration section */
		327E0C8623BCE11700108DFD /* Debug */ = {
			isa = XCBuildConfiguration;
			buildSettings = {
				ALWAYS_SEARCH_USER_PATHS = NO;
				CLANG_ANALYZER_NONNULL = YES;
				CLANG_ANALYZER_NUMBER_OBJECT_CONVERSION = YES_AGGRESSIVE;
				CLANG_CXX_LANGUAGE_STANDARD = "gnu++14";
				CLANG_CXX_LIBRARY = "libc++";
				CLANG_ENABLE_MODULES = YES;
				CLANG_ENABLE_OBJC_ARC = YES;
				CLANG_ENABLE_OBJC_WEAK = YES;
				CLANG_WARN_BLOCK_CAPTURE_AUTORELEASING = YES;
				CLANG_WARN_BOOL_CONVERSION = YES;
				CLANG_WARN_COMMA = YES;
				CLANG_WARN_CONSTANT_CONVERSION = YES;
				CLANG_WARN_DEPRECATED_OBJC_IMPLEMENTATIONS = YES;
				CLANG_WARN_DIRECT_OBJC_ISA_USAGE = YES_ERROR;
				CLANG_WARN_DOCUMENTATION_COMMENTS = YES;
				CLANG_WARN_EMPTY_BODY = YES;
				CLANG_WARN_ENUM_CONVERSION = YES;
				CLANG_WARN_INFINITE_RECURSION = YES;
				CLANG_WARN_INT_CONVERSION = YES;
				CLANG_WARN_NON_LITERAL_NULL_CONVERSION = YES;
				CLANG_WARN_OBJC_IMPLICIT_RETAIN_SELF = YES;
				CLANG_WARN_OBJC_LITERAL_CONVERSION = YES;
				CLANG_WARN_OBJC_ROOT_CLASS = YES_ERROR;
				CLANG_WARN_RANGE_LOOP_ANALYSIS = YES;
				CLANG_WARN_STRICT_PROTOTYPES = YES;
				CLANG_WARN_SUSPICIOUS_MOVE = YES;
				CLANG_WARN_UNGUARDED_AVAILABILITY = YES_AGGRESSIVE;
				CLANG_WARN_UNREACHABLE_CODE = YES;
				CLANG_WARN__DUPLICATE_METHOD_MATCH = YES;
				CODE_SIGN_IDENTITY = "iPhone Developer";
				COPY_PHASE_STRIP = NO;
				DEBUG_INFORMATION_FORMAT = dwarf;
				ENABLE_STRICT_OBJC_MSGSEND = YES;
				ENABLE_TESTABILITY = YES;
				GCC_C_LANGUAGE_STANDARD = gnu11;
				GCC_DYNAMIC_NO_PIC = NO;
				GCC_NO_COMMON_BLOCKS = YES;
				GCC_OPTIMIZATION_LEVEL = 0;
				GCC_PREPROCESSOR_DEFINITIONS = (
					"DEBUG=1",
					"$(inherited)",
				);
				GCC_WARN_64_TO_32_BIT_CONVERSION = YES;
				GCC_WARN_ABOUT_RETURN_TYPE = YES_ERROR;
				GCC_WARN_UNDECLARED_SELECTOR = YES;
				GCC_WARN_UNINITIALIZED_AUTOS = YES_AGGRESSIVE;
				GCC_WARN_UNUSED_FUNCTION = YES;
				GCC_WARN_UNUSED_VARIABLE = YES;
				IPHONEOS_DEPLOYMENT_TARGET = 12.4;
				MTL_ENABLE_DEBUG_INFO = INCLUDE_SOURCE;
				MTL_FAST_MATH = YES;
				ONLY_ACTIVE_ARCH = YES;
				SDKROOT = iphoneos;
			};
			name = Debug;
		};
		327E0C8723BCE11700108DFD /* Release */ = {
			isa = XCBuildConfiguration;
			buildSettings = {
				ALWAYS_SEARCH_USER_PATHS = NO;
				CLANG_ANALYZER_NONNULL = YES;
				CLANG_ANALYZER_NUMBER_OBJECT_CONVERSION = YES_AGGRESSIVE;
				CLANG_CXX_LANGUAGE_STANDARD = "gnu++14";
				CLANG_CXX_LIBRARY = "libc++";
				CLANG_ENABLE_MODULES = YES;
				CLANG_ENABLE_OBJC_ARC = YES;
				CLANG_ENABLE_OBJC_WEAK = YES;
				CLANG_WARN_BLOCK_CAPTURE_AUTORELEASING = YES;
				CLANG_WARN_BOOL_CONVERSION = YES;
				CLANG_WARN_COMMA = YES;
				CLANG_WARN_CONSTANT_CONVERSION = YES;
				CLANG_WARN_DEPRECATED_OBJC_IMPLEMENTATIONS = YES;
				CLANG_WARN_DIRECT_OBJC_ISA_USAGE = YES_ERROR;
				CLANG_WARN_DOCUMENTATION_COMMENTS = YES;
				CLANG_WARN_EMPTY_BODY = YES;
				CLANG_WARN_ENUM_CONVERSION = YES;
				CLANG_WARN_INFINITE_RECURSION = YES;
				CLANG_WARN_INT_CONVERSION = YES;
				CLANG_WARN_NON_LITERAL_NULL_CONVERSION = YES;
				CLANG_WARN_OBJC_IMPLICIT_RETAIN_SELF = YES;
				CLANG_WARN_OBJC_LITERAL_CONVERSION = YES;
				CLANG_WARN_OBJC_ROOT_CLASS = YES_ERROR;
				CLANG_WARN_RANGE_LOOP_ANALYSIS = YES;
				CLANG_WARN_STRICT_PROTOTYPES = YES;
				CLANG_WARN_SUSPICIOUS_MOVE = YES;
				CLANG_WARN_UNGUARDED_AVAILABILITY = YES_AGGRESSIVE;
				CLANG_WARN_UNREACHABLE_CODE = YES;
				CLANG_WARN__DUPLICATE_METHOD_MATCH = YES;
				CODE_SIGN_IDENTITY = "iPhone Developer";
				COPY_PHASE_STRIP = NO;
				DEBUG_INFORMATION_FORMAT = "dwarf-with-dsym";
				ENABLE_NS_ASSERTIONS = NO;
				ENABLE_STRICT_OBJC_MSGSEND = YES;
				GCC_C_LANGUAGE_STANDARD = gnu11;
				GCC_NO_COMMON_BLOCKS = YES;
				GCC_WARN_64_TO_32_BIT_CONVERSION = YES;
				GCC_WARN_ABOUT_RETURN_TYPE = YES_ERROR;
				GCC_WARN_UNDECLARED_SELECTOR = YES;
				GCC_WARN_UNINITIALIZED_AUTOS = YES_AGGRESSIVE;
				GCC_WARN_UNUSED_FUNCTION = YES;
				GCC_WARN_UNUSED_VARIABLE = YES;
				IPHONEOS_DEPLOYMENT_TARGET = 12.4;
				MTL_ENABLE_DEBUG_INFO = NO;
				MTL_FAST_MATH = YES;
				SDKROOT = iphoneos;
				VALIDATE_PRODUCT = YES;
			};
			name = Release;
		};
		327E0C8923BCE11700108DFD /* Debug */ = {
			isa = XCBuildConfiguration;
			baseConfigurationReference = 3C6DF4ABABF0CB062E4AB4F4 /* Pods-TemplateProject.debug.xcconfig */;
			buildSettings = {
				ASSETCATALOG_COMPILER_APPICON_NAME = AppIcon;
				CODE_SIGN_STYLE = Automatic;
				INFOPLIST_FILE = TemplateProject/Info.plist;
				LD_RUNPATH_SEARCH_PATHS = (
					"$(inherited)",
					"@executable_path/Frameworks",
				);
				PRODUCT_BUNDLE_IDENTIFIER = com.hc.TemplateProject;
				PRODUCT_NAME = "时光机";
				TARGETED_DEVICE_FAMILY = "1,2";
			};
			name = Debug;
		};
		327E0C8A23BCE11700108DFD /* Release */ = {
			isa = XCBuildConfiguration;
			baseConfigurationReference = 36BFB242AEF75ACEBEF10266 /* Pods-TemplateProject.release.xcconfig */;
			buildSettings = {
				ASSETCATALOG_COMPILER_APPICON_NAME = AppIcon;
				CODE_SIGN_STYLE = Automatic;
				INFOPLIST_FILE = TemplateProject/Info.plist;
				LD_RUNPATH_SEARCH_PATHS = (
					"$(inherited)",
					"@executable_path/Frameworks",
				);
				PRODUCT_BUNDLE_IDENTIFIER = com.hc.TemplateProject;
				PRODUCT_NAME = "时光机";
				TARGETED_DEVICE_FAMILY = "1,2";
			};
			name = Release;
		};
		327E0C8C23BCE11700108DFD /* Debug */ = {
			isa = XCBuildConfiguration;
			buildSettings = {
				BUNDLE_LOADER = "$(TEST_HOST)";
				CODE_SIGN_STYLE = Automatic;
				INFOPLIST_FILE = TemplateProjectTests/Info.plist;
				LD_RUNPATH_SEARCH_PATHS = (
					"$(inherited)",
					"@executable_path/Frameworks",
					"@loader_path/Frameworks",
				);
				PRODUCT_BUNDLE_IDENTIFIER = com.hc.TemplateProjectTests;
				PRODUCT_NAME = "$(TARGET_NAME)";
				TARGETED_DEVICE_FAMILY = "1,2";
				TEST_HOST = "$(BUILT_PRODUCTS_DIR)/TemplateProject.app/TemplateProject";
			};
			name = Debug;
		};
		327E0C8D23BCE11700108DFD /* Release */ = {
			isa = XCBuildConfiguration;
			buildSettings = {
				BUNDLE_LOADER = "$(TEST_HOST)";
				CODE_SIGN_STYLE = Automatic;
				INFOPLIST_FILE = TemplateProjectTests/Info.plist;
				LD_RUNPATH_SEARCH_PATHS = (
					"$(inherited)",
					"@executable_path/Frameworks",
					"@loader_path/Frameworks",
				);
				PRODUCT_BUNDLE_IDENTIFIER = com.hc.TemplateProjectTests;
				PRODUCT_NAME = "$(TARGET_NAME)";
				TARGETED_DEVICE_FAMILY = "1,2";
				TEST_HOST = "$(BUILT_PRODUCTS_DIR)/TemplateProject.app/TemplateProject";
			};
			name = Release;
		};
		327E0C8F23BCE11700108DFD /* Debug */ = {
			isa = XCBuildConfiguration;
			buildSettings = {
				CODE_SIGN_STYLE = Automatic;
				INFOPLIST_FILE = TemplateProjectUITests/Info.plist;
				LD_RUNPATH_SEARCH_PATHS = (
					"$(inherited)",
					"@executable_path/Frameworks",
					"@loader_path/Frameworks",
				);
				PRODUCT_BUNDLE_IDENTIFIER = com.hc.TemplateProjectUITests;
				PRODUCT_NAME = "$(TARGET_NAME)";
				TARGETED_DEVICE_FAMILY = "1,2";
				TEST_TARGET_NAME = TemplateProject;
			};
			name = Debug;
		};
		327E0C9023BCE11700108DFD /* Release */ = {
			isa = XCBuildConfiguration;
			buildSettings = {
				CODE_SIGN_STYLE = Automatic;
				INFOPLIST_FILE = TemplateProjectUITests/Info.plist;
				LD_RUNPATH_SEARCH_PATHS = (
					"$(inherited)",
					"@executable_path/Frameworks",
					"@loader_path/Frameworks",
				);
				PRODUCT_BUNDLE_IDENTIFIER = com.hc.TemplateProjectUITests;
				PRODUCT_NAME = "$(TARGET_NAME)";
				TARGETED_DEVICE_FAMILY = "1,2";
				TEST_TARGET_NAME = TemplateProject;
			};
			name = Release;
		};
/* End XCBuildConfiguration section */

/* Begin XCConfigurationList section */
		327E0C5723BCE11700108DFD /* Build configuration list for PBXProject "TemplateProject" */ = {
			isa = XCConfigurationList;
			buildConfigurations = (
				327E0C8623BCE11700108DFD /* Debug */,
				327E0C8723BCE11700108DFD /* Release */,
			);
			defaultConfigurationIsVisible = 0;
			defaultConfigurationName = Release;
		};
		327E0C8823BCE11700108DFD /* Build configuration list for PBXNativeTarget "TemplateProject" */ = {
			isa = XCConfigurationList;
			buildConfigurations = (
				327E0C8923BCE11700108DFD /* Debug */,
				327E0C8A23BCE11700108DFD /* Release */,
			);
			defaultConfigurationIsVisible = 0;
			defaultConfigurationName = Release;
		};
		327E0C8B23BCE11700108DFD /* Build configuration list for PBXNativeTarget "TemplateProjectTests" */ = {
			isa = XCConfigurationList;
			buildConfigurations = (
				327E0C8C23BCE11700108DFD /* Debug */,
				327E0C8D23BCE11700108DFD /* Release */,
			);
			defaultConfigurationIsVisible = 0;
			defaultConfigurationName = Release;
		};
		327E0C8E23BCE11700108DFD /* Build configuration list for PBXNativeTarget "TemplateProjectUITests" */ = {
			isa = XCConfigurationList;
			buildConfigurations = (
				327E0C8F23BCE11700108DFD /* Debug */,
				327E0C9023BCE11700108DFD /* Release */,
			);
			defaultConfigurationIsVisible = 0;
			defaultConfigurationName = Release;
		};
/* End XCConfigurationList section */
	};
	rootObject = 327E0C5423BCE11700108DFD /* Project object */;
}
